// !$*UTF8*$!
{
	archiveVersion = 1;
	classes = {
	};
	objectVersion = 56;
	objects = {

/* Begin PBXBuildFile section */
		3C0F80B428E12FCB00753CB1 /* ToggleAtom.swift in Sources */ = {isa = PBXBuildFile; fileRef = 3C0F80B328E12FCB00753CB1 /* ToggleAtom.swift */; };
		3C0F80B628E1303D00753CB1 /* LoggerItemsModel.swift in Sources */ = {isa = PBXBuildFile; fileRef = 3C0F80B528E1303D00753CB1 /* LoggerItemsModel.swift */; };
		3C0F80B828E1339F00753CB1 /* ItemAtom.swift in Sources */ = {isa = PBXBuildFile; fileRef = 3C0F80B728E1339F00753CB1 /* ItemAtom.swift */; };
		3C0F80BA28E134B300753CB1 /* PickerWheelAtom.swift in Sources */ = {isa = PBXBuildFile; fileRef = 3C0F80B928E134B300753CB1 /* PickerWheelAtom.swift */; };
		3C0F80BC28E1352700753CB1 /* ButtonNavigationAtom.swift in Sources */ = {isa = PBXBuildFile; fileRef = 3C0F80BB28E1352700753CB1 /* ButtonNavigationAtom.swift */; };
		3C0F80BE28E1366100753CB1 /* LoggerPage.swift in Sources */ = {isa = PBXBuildFile; fileRef = 3C0F80BD28E1366100753CB1 /* LoggerPage.swift */; };
		3C0F80C028E1383400753CB1 /* LoggerLabelPickerMolecule.swift in Sources */ = {isa = PBXBuildFile; fileRef = 3C0F80BF28E1383400753CB1 /* LoggerLabelPickerMolecule.swift */; };
		3C0F80C228E1389C00753CB1 /* LoggerItemMolecule.swift in Sources */ = {isa = PBXBuildFile; fileRef = 3C0F80C128E1389C00753CB1 /* LoggerItemMolecule.swift */; };
		3C0F80C428E155D400753CB1 /* LoggerListItemsOrganism.swift in Sources */ = {isa = PBXBuildFile; fileRef = 3C0F80C328E155D400753CB1 /* LoggerListItemsOrganism.swift */; };
		3C0F80C628E1563200753CB1 /* LoggerPickersOrganism.swift in Sources */ = {isa = PBXBuildFile; fileRef = 3C0F80C528E1563200753CB1 /* LoggerPickersOrganism.swift */; };
		3C0F80C828E16AF800753CB1 /* LoggerTemplate.swift in Sources */ = {isa = PBXBuildFile; fileRef = 3C0F80C728E16AF800753CB1 /* LoggerTemplate.swift */; };
		3C0F80CA28E16C9100753CB1 /* LoggerReadyPage.swift in Sources */ = {isa = PBXBuildFile; fileRef = 3C0F80C928E16C9100753CB1 /* LoggerReadyPage.swift */; };
		3C0F80CC28E16CC400753CB1 /* LoggerReadyTemplate.swift in Sources */ = {isa = PBXBuildFile; fileRef = 3C0F80CB28E16CC400753CB1 /* LoggerReadyTemplate.swift */; };
		3C0F80CE28E16D5F00753CB1 /* DataPage.swift in Sources */ = {isa = PBXBuildFile; fileRef = 3C0F80CD28E16D5F00753CB1 /* DataPage.swift */; };
		3C0F80D128E16DB800753CB1 /* LabelsPage.swift in Sources */ = {isa = PBXBuildFile; fileRef = 3C0F80D028E16DB800753CB1 /* LabelsPage.swift */; };
		3C0F80D328E16E2200753CB1 /* LoggerDataPage.swift in Sources */ = {isa = PBXBuildFile; fileRef = 3C0F80D228E16E2200753CB1 /* LoggerDataPage.swift */; };
		3C0F80D528E17D7900753CB1 /* AltimeterManager.swift in Sources */ = {isa = PBXBuildFile; fileRef = 3C0F80D428E17D7900753CB1 /* AltimeterManager.swift */; };
		3C0F80D728E17DA500753CB1 /* LogsManager.swift in Sources */ = {isa = PBXBuildFile; fileRef = 3C0F80D628E17DA500753CB1 /* LogsManager.swift */; };
		3C0F80D928E17DD000753CB1 /* DateTimeManager.swift in Sources */ = {isa = PBXBuildFile; fileRef = 3C0F80D828E17DD000753CB1 /* DateTimeManager.swift */; };
		3C0F80DB28E17DFA00753CB1 /* RecordManager.swift in Sources */ = {isa = PBXBuildFile; fileRef = 3C0F80DA28E17DFA00753CB1 /* RecordManager.swift */; };
		3C0F80DD28E17E1900753CB1 /* ScreenBrightnessManager.swift in Sources */ = {isa = PBXBuildFile; fileRef = 3C0F80DC28E17E1900753CB1 /* ScreenBrightnessManager.swift */; };
		3C0F80DF28E17E8C00753CB1 /* OldDataPage.swift in Sources */ = {isa = PBXBuildFile; fileRef = 3C0F80DE28E17E8C00753CB1 /* OldDataPage.swift */; };
		3C0F80E128E17EB100753CB1 /* FileManager.swift in Sources */ = {isa = PBXBuildFile; fileRef = 3C0F80E028E17EB100753CB1 /* FileManager.swift */; };
		3C0F80E328E17EE200753CB1 /* UIActivityModal.swift in Sources */ = {isa = PBXBuildFile; fileRef = 3C0F80E228E17EE200753CB1 /* UIActivityModal.swift */; };
		3C1C526828E4FD74002982BE /* LoggerDataMolecule.swift in Sources */ = {isa = PBXBuildFile; fileRef = 3C1C526728E4FD74002982BE /* LoggerDataMolecule.swift */; };
		3C1C526A28E4FF49002982BE /* LoggerTimeTriggerMolecule.swift in Sources */ = {isa = PBXBuildFile; fileRef = 3C1C526928E4FF49002982BE /* LoggerTimeTriggerMolecule.swift */; };
		3C1C526D28E50843002982BE /* PickerMenuAtom.swift in Sources */ = {isa = PBXBuildFile; fileRef = 3C1C526C28E50843002982BE /* PickerMenuAtom.swift */; };
		3C281DE328FA790B0030EB15 /* LoggerManager.swift in Sources */ = {isa = PBXBuildFile; fileRef = 3C281DE228FA790B0030EB15 /* LoggerManager.swift */; };
		3C35BD5728E00980001795A1 /* TitleAtom.swift in Sources */ = {isa = PBXBuildFile; fileRef = 3C35BD5628E00980001795A1 /* TitleAtom.swift */; };
		3C3BEB8D28F70AD50020AE58 /* LoggerDataOrganism-VM.swift in Sources */ = {isa = PBXBuildFile; fileRef = 3C3BEB8C28F70AD50020AE58 /* LoggerDataOrganism-VM.swift */; };
		3C3BEB8F28F7127F0020AE58 /* ToggleLoggerItemModelAtom.swift in Sources */ = {isa = PBXBuildFile; fileRef = 3C3BEB8E28F7127F0020AE58 /* ToggleLoggerItemModelAtom.swift */; };
		3C3BEB9128F768890020AE58 /* LoggerItemsModel-VM.swift in Sources */ = {isa = PBXBuildFile; fileRef = 3C3BEB9028F768890020AE58 /* LoggerItemsModel-VM.swift */; };
		3C6B414428E4C85600CBCE9A /* ButtonAtoms.swift in Sources */ = {isa = PBXBuildFile; fileRef = 3C6B414328E4C85600CBCE9A /* ButtonAtoms.swift */; };
		3C6B414728E4CEA600CBCE9A /* LabelSmallAtom.swift in Sources */ = {isa = PBXBuildFile; fileRef = 3C6B414628E4CEA600CBCE9A /* LabelSmallAtom.swift */; };
		3C6B414928E4CFD100CBCE9A /* ButtonExecFullAtom.swift in Sources */ = {isa = PBXBuildFile; fileRef = 3C6B414828E4CFD100CBCE9A /* ButtonExecFullAtom.swift */; };
		3C6B414B28E4D04800CBCE9A /* HeadlineAtom.swift in Sources */ = {isa = PBXBuildFile; fileRef = 3C6B414A28E4D04800CBCE9A /* HeadlineAtom.swift */; };
		3C6B414D28E4DD2500CBCE9A /* LabelTimeAtom.swift in Sources */ = {isa = PBXBuildFile; fileRef = 3C6B414C28E4DD2500CBCE9A /* LabelTimeAtom.swift */; };
		3C6B414F28E4E03900CBCE9A /* InputTextAtom.swift in Sources */ = {isa = PBXBuildFile; fileRef = 3C6B414E28E4E03900CBCE9A /* InputTextAtom.swift */; };
		3C6B415128E4E08900CBCE9A /* ButtonExecHalfAtom.swift in Sources */ = {isa = PBXBuildFile; fileRef = 3C6B415028E4E08900CBCE9A /* ButtonExecHalfAtom.swift */; };
		3C6B415328E4E11400CBCE9A /* ButtonSmallAtom.swift in Sources */ = {isa = PBXBuildFile; fileRef = 3C6B415228E4E11400CBCE9A /* ButtonSmallAtom.swift */; };
		3C6B415528E4E24B00CBCE9A /* SettingsPage.swift in Sources */ = {isa = PBXBuildFile; fileRef = 3C6B415428E4E24B00CBCE9A /* SettingsPage.swift */; };
		3C6B415728E4E28900CBCE9A /* LoggerMemoPage.swift in Sources */ = {isa = PBXBuildFile; fileRef = 3C6B415628E4E28900CBCE9A /* LoggerMemoPage.swift */; };
		3C6B415928E4E2E400CBCE9A /* LabelCreatePage.swift in Sources */ = {isa = PBXBuildFile; fileRef = 3C6B415828E4E2E400CBCE9A /* LabelCreatePage.swift */; };
		3C6B415B28E4E36200CBCE9A /* DataMetaPage.swift in Sources */ = {isa = PBXBuildFile; fileRef = 3C6B415A28E4E36200CBCE9A /* DataMetaPage.swift */; };
		3C6E633628F2129E0023A1CB /* Index.swift in Sources */ = {isa = PBXBuildFile; fileRef = 3C6E633528F2129E0023A1CB /* Index.swift */; };
		3C6E633828F21C260023A1CB /* Config.swift in Sources */ = {isa = PBXBuildFile; fileRef = 3C6E633728F21C260023A1CB /* Config.swift */; };
		3C6E633B28F4B7920023A1CB /* Logger-VM.swift in Sources */ = {isa = PBXBuildFile; fileRef = 3C6E633A28F4B7920023A1CB /* Logger-VM.swift */; };
		3C6E633E28F502510023A1CB /* LoggerReady-VM.swift in Sources */ = {isa = PBXBuildFile; fileRef = 3C6E633D28F502510023A1CB /* LoggerReady-VM.swift */; };
		3C6E634028F507170023A1CB /* LoggerData-VM.swift in Sources */ = {isa = PBXBuildFile; fileRef = 3C6E633F28F507170023A1CB /* LoggerData-VM.swift */; };
		3C6EBFAF28E6481900D6734F /* LoggerMemoButtonsMolecule.swift in Sources */ = {isa = PBXBuildFile; fileRef = 3C6EBFAE28E6481900D6734F /* LoggerMemoButtonsMolecule.swift */; };
		3C6EBFB128E6495B00D6734F /* LoggerMemoTimeOrganism.swift in Sources */ = {isa = PBXBuildFile; fileRef = 3C6EBFB028E6495B00D6734F /* LoggerMemoTimeOrganism.swift */; };
		3C6EBFB328E64A0800D6734F /* LoggerMemoTemplate.swift in Sources */ = {isa = PBXBuildFile; fileRef = 3C6EBFB228E64A0800D6734F /* LoggerMemoTemplate.swift */; };
		3C796CB728EB9F4800E2DA75 /* LabelTemplate.swift in Sources */ = {isa = PBXBuildFile; fileRef = 3C796CB628EB9F4800E2DA75 /* LabelTemplate.swift */; };
		3C8460D528EC79E1004AF6B5 /* ItemListMolecule.swift in Sources */ = {isa = PBXBuildFile; fileRef = 3C8460D428EC79E1004AF6B5 /* ItemListMolecule.swift */; };
		3C8460D728EC7C15004AF6B5 /* LabelItemListOrganism.swift in Sources */ = {isa = PBXBuildFile; fileRef = 3C8460D628EC7C15004AF6B5 /* LabelItemListOrganism.swift */; };
		3C8460D928EC81A8004AF6B5 /* LabelCreateOrganism.swift in Sources */ = {isa = PBXBuildFile; fileRef = 3C8460D828EC81A8004AF6B5 /* LabelCreateOrganism.swift */; };
		3C8460DB28EC82CA004AF6B5 /* PickerWithLabelMolecule.swift in Sources */ = {isa = PBXBuildFile; fileRef = 3C8460DA28EC82CA004AF6B5 /* PickerWithLabelMolecule.swift */; };
		3C8460DD28EC838C004AF6B5 /* InputWithLabelMolecule.swift in Sources */ = {isa = PBXBuildFile; fileRef = 3C8460DC28EC838C004AF6B5 /* InputWithLabelMolecule.swift */; };
		3C8460DF28EC8559004AF6B5 /* LabelCreateTemplate.swift in Sources */ = {isa = PBXBuildFile; fileRef = 3C8460DE28EC8559004AF6B5 /* LabelCreateTemplate.swift */; };
		3C8460E228EC89B3004AF6B5 /* DataTemplate.swift in Sources */ = {isa = PBXBuildFile; fileRef = 3C8460E128EC89B3004AF6B5 /* DataTemplate.swift */; };
		3C8460E428EC8AA4004AF6B5 /* DataMetaTemplate.swift in Sources */ = {isa = PBXBuildFile; fileRef = 3C8460E328EC8AA4004AF6B5 /* DataMetaTemplate.swift */; };
		3C8460E728EC8BAF004AF6B5 /* SettingsTemplate.swift in Sources */ = {isa = PBXBuildFile; fileRef = 3C8460E628EC8BAF004AF6B5 /* SettingsTemplate.swift */; };
		3C8460E928EC96FD004AF6B5 /* DataMainPage.swift in Sources */ = {isa = PBXBuildFile; fileRef = 3C8460E828EC96FD004AF6B5 /* DataMainPage.swift */; };
		3C8460EB28EC972E004AF6B5 /* DataMainTemplate.swift in Sources */ = {isa = PBXBuildFile; fileRef = 3C8460EA28EC972E004AF6B5 /* DataMainTemplate.swift */; };
		3C8460ED28EC9DD0004AF6B5 /* ButtonSwitchDataAtom.swift in Sources */ = {isa = PBXBuildFile; fileRef = 3C8460EC28EC9DD0004AF6B5 /* ButtonSwitchDataAtom.swift */; };
		3C8460EF28EC9E9A004AF6B5 /* LoggerRecordingTemplate.swift in Sources */ = {isa = PBXBuildFile; fileRef = 3C8460EE28EC9E9A004AF6B5 /* LoggerRecordingTemplate.swift */; };
		3C8BA6D928D6678400ADE7DB /* ios_loggerApp.swift in Sources */ = {isa = PBXBuildFile; fileRef = 3C8BA6D828D6678400ADE7DB /* ios_loggerApp.swift */; };
		3C8BA6DB28D6678400ADE7DB /* ContentView.swift in Sources */ = {isa = PBXBuildFile; fileRef = 3C8BA6DA28D6678400ADE7DB /* ContentView.swift */; };
		3C8BA6DD28D6678500ADE7DB /* Assets.xcassets in Resources */ = {isa = PBXBuildFile; fileRef = 3C8BA6DC28D6678500ADE7DB /* Assets.xcassets */; };
		3C8BA6E028D6678500ADE7DB /* Preview Assets.xcassets in Resources */ = {isa = PBXBuildFile; fileRef = 3C8BA6DF28D6678500ADE7DB /* Preview Assets.xcassets */; };
		3C8BA6E228D6678500ADE7DB /* Persistence.swift in Sources */ = {isa = PBXBuildFile; fileRef = 3C8BA6E128D6678500ADE7DB /* Persistence.swift */; };
		3C8BA6E528D6678500ADE7DB /* ios_logger.xcdatamodeld in Sources */ = {isa = PBXBuildFile; fileRef = 3C8BA6E328D6678500ADE7DB /* ios_logger.xcdatamodeld */; };
		3C8BA6EF28D6678500ADE7DB /* ios_loggerTests.swift in Sources */ = {isa = PBXBuildFile; fileRef = 3C8BA6EE28D6678500ADE7DB /* ios_loggerTests.swift */; };
		3C8BA6F928D6678500ADE7DB /* ios_loggerUITests.swift in Sources */ = {isa = PBXBuildFile; fileRef = 3C8BA6F828D6678500ADE7DB /* ios_loggerUITests.swift */; };
		3C8BA6FB28D6678500ADE7DB /* ios_loggerUITestsLaunchTests.swift in Sources */ = {isa = PBXBuildFile; fileRef = 3C8BA6FA28D6678500ADE7DB /* ios_loggerUITestsLaunchTests.swift */; };
		3C8BF39228E639300091C998 /* LoggerDataTemplate.swift in Sources */ = {isa = PBXBuildFile; fileRef = 3C8BF39128E639300091C998 /* LoggerDataTemplate.swift */; };
		3C8BF39428E639B70091C998 /* LoggerDataListOrganism.swift in Sources */ = {isa = PBXBuildFile; fileRef = 3C8BF39328E639B70091C998 /* LoggerDataListOrganism.swift */; };
		3CA9FBE028EB68AE001B08B2 /* LoggerRecordingPage.swift in Sources */ = {isa = PBXBuildFile; fileRef = 3CA9FBDF28EB68AE001B08B2 /* LoggerRecordingPage.swift */; };
		3CA9FBE228EB737B001B08B2 /* ButtonSwitchLoggerAtom.swift in Sources */ = {isa = PBXBuildFile; fileRef = 3CA9FBE128EB737B001B08B2 /* ButtonSwitchLoggerAtom.swift */; };
		3CEB3CC128FC756100B5C748 /* ButtonExecFullAtom-VM.swift in Sources */ = {isa = PBXBuildFile; fileRef = 3CEB3CC028FC756100B5C748 /* ButtonExecFullAtom-VM.swift */; };
/* End PBXBuildFile section */

/* Begin PBXContainerItemProxy section */
		3C8BA6EB28D6678500ADE7DB /* PBXContainerItemProxy */ = {
			isa = PBXContainerItemProxy;
			containerPortal = 3C8BA6CD28D6678400ADE7DB /* Project object */;
			proxyType = 1;
			remoteGlobalIDString = 3C8BA6D428D6678400ADE7DB;
			remoteInfo = "ios-logger";
		};
		3C8BA6F528D6678500ADE7DB /* PBXContainerItemProxy */ = {
			isa = PBXContainerItemProxy;
			containerPortal = 3C8BA6CD28D6678400ADE7DB /* Project object */;
			proxyType = 1;
			remoteGlobalIDString = 3C8BA6D428D6678400ADE7DB;
			remoteInfo = "ios-logger";
		};
/* End PBXContainerItemProxy section */

/* Begin PBXFileReference section */
		3C0F80B328E12FCB00753CB1 /* ToggleAtom.swift */ = {isa = PBXFileReference; lastKnownFileType = sourcecode.swift; path = ToggleAtom.swift; sourceTree = "<group>"; };
		3C0F80B528E1303D00753CB1 /* LoggerItemsModel.swift */ = {isa = PBXFileReference; lastKnownFileType = sourcecode.swift; path = LoggerItemsModel.swift; sourceTree = "<group>"; };
		3C0F80B728E1339F00753CB1 /* ItemAtom.swift */ = {isa = PBXFileReference; lastKnownFileType = sourcecode.swift; path = ItemAtom.swift; sourceTree = "<group>"; };
		3C0F80B928E134B300753CB1 /* PickerWheelAtom.swift */ = {isa = PBXFileReference; lastKnownFileType = sourcecode.swift; path = PickerWheelAtom.swift; sourceTree = "<group>"; };
		3C0F80BB28E1352700753CB1 /* ButtonNavigationAtom.swift */ = {isa = PBXFileReference; lastKnownFileType = sourcecode.swift; path = ButtonNavigationAtom.swift; sourceTree = "<group>"; };
		3C0F80BD28E1366100753CB1 /* LoggerPage.swift */ = {isa = PBXFileReference; lastKnownFileType = sourcecode.swift; path = LoggerPage.swift; sourceTree = "<group>"; };
		3C0F80BF28E1383400753CB1 /* LoggerLabelPickerMolecule.swift */ = {isa = PBXFileReference; lastKnownFileType = sourcecode.swift; path = LoggerLabelPickerMolecule.swift; sourceTree = "<group>"; };
		3C0F80C128E1389C00753CB1 /* LoggerItemMolecule.swift */ = {isa = PBXFileReference; lastKnownFileType = sourcecode.swift; path = LoggerItemMolecule.swift; sourceTree = "<group>"; };
		3C0F80C328E155D400753CB1 /* LoggerListItemsOrganism.swift */ = {isa = PBXFileReference; lastKnownFileType = sourcecode.swift; path = LoggerListItemsOrganism.swift; sourceTree = "<group>"; };
		3C0F80C528E1563200753CB1 /* LoggerPickersOrganism.swift */ = {isa = PBXFileReference; lastKnownFileType = sourcecode.swift; path = LoggerPickersOrganism.swift; sourceTree = "<group>"; };
		3C0F80C728E16AF800753CB1 /* LoggerTemplate.swift */ = {isa = PBXFileReference; lastKnownFileType = sourcecode.swift; path = LoggerTemplate.swift; sourceTree = "<group>"; };
		3C0F80C928E16C9100753CB1 /* LoggerReadyPage.swift */ = {isa = PBXFileReference; lastKnownFileType = sourcecode.swift; path = LoggerReadyPage.swift; sourceTree = "<group>"; };
		3C0F80CB28E16CC400753CB1 /* LoggerReadyTemplate.swift */ = {isa = PBXFileReference; lastKnownFileType = sourcecode.swift; path = LoggerReadyTemplate.swift; sourceTree = "<group>"; };
		3C0F80CD28E16D5F00753CB1 /* DataPage.swift */ = {isa = PBXFileReference; lastKnownFileType = sourcecode.swift; path = DataPage.swift; sourceTree = "<group>"; };
		3C0F80D028E16DB800753CB1 /* LabelsPage.swift */ = {isa = PBXFileReference; lastKnownFileType = sourcecode.swift; path = LabelsPage.swift; sourceTree = "<group>"; };
		3C0F80D228E16E2200753CB1 /* LoggerDataPage.swift */ = {isa = PBXFileReference; lastKnownFileType = sourcecode.swift; path = LoggerDataPage.swift; sourceTree = "<group>"; };
		3C0F80D428E17D7900753CB1 /* AltimeterManager.swift */ = {isa = PBXFileReference; lastKnownFileType = sourcecode.swift; path = AltimeterManager.swift; sourceTree = "<group>"; };
		3C0F80D628E17DA500753CB1 /* LogsManager.swift */ = {isa = PBXFileReference; lastKnownFileType = sourcecode.swift; path = LogsManager.swift; sourceTree = "<group>"; };
		3C0F80D828E17DD000753CB1 /* DateTimeManager.swift */ = {isa = PBXFileReference; lastKnownFileType = sourcecode.swift; path = DateTimeManager.swift; sourceTree = "<group>"; };
		3C0F80DA28E17DFA00753CB1 /* RecordManager.swift */ = {isa = PBXFileReference; lastKnownFileType = sourcecode.swift; path = RecordManager.swift; sourceTree = "<group>"; };
		3C0F80DC28E17E1900753CB1 /* ScreenBrightnessManager.swift */ = {isa = PBXFileReference; lastKnownFileType = sourcecode.swift; path = ScreenBrightnessManager.swift; sourceTree = "<group>"; };
		3C0F80DE28E17E8C00753CB1 /* OldDataPage.swift */ = {isa = PBXFileReference; lastKnownFileType = sourcecode.swift; path = OldDataPage.swift; sourceTree = "<group>"; };
		3C0F80E028E17EB100753CB1 /* FileManager.swift */ = {isa = PBXFileReference; lastKnownFileType = sourcecode.swift; path = FileManager.swift; sourceTree = "<group>"; };
		3C0F80E228E17EE200753CB1 /* UIActivityModal.swift */ = {isa = PBXFileReference; lastKnownFileType = sourcecode.swift; path = UIActivityModal.swift; sourceTree = "<group>"; };
		3C1C526728E4FD74002982BE /* LoggerDataMolecule.swift */ = {isa = PBXFileReference; lastKnownFileType = sourcecode.swift; path = LoggerDataMolecule.swift; sourceTree = "<group>"; };
		3C1C526928E4FF49002982BE /* LoggerTimeTriggerMolecule.swift */ = {isa = PBXFileReference; lastKnownFileType = sourcecode.swift; path = LoggerTimeTriggerMolecule.swift; sourceTree = "<group>"; };
		3C1C526C28E50843002982BE /* PickerMenuAtom.swift */ = {isa = PBXFileReference; lastKnownFileType = sourcecode.swift; path = PickerMenuAtom.swift; sourceTree = "<group>"; };
		3C281DE228FA790B0030EB15 /* LoggerManager.swift */ = {isa = PBXFileReference; lastKnownFileType = sourcecode.swift; path = LoggerManager.swift; sourceTree = "<group>"; };
		3C35BD5628E00980001795A1 /* TitleAtom.swift */ = {isa = PBXFileReference; lastKnownFileType = sourcecode.swift; path = TitleAtom.swift; sourceTree = "<group>"; };
		3C3BEB8C28F70AD50020AE58 /* LoggerDataOrganism-VM.swift */ = {isa = PBXFileReference; lastKnownFileType = sourcecode.swift; path = "LoggerDataOrganism-VM.swift"; sourceTree = "<group>"; };
		3C3BEB8E28F7127F0020AE58 /* ToggleLoggerItemModelAtom.swift */ = {isa = PBXFileReference; lastKnownFileType = sourcecode.swift; path = ToggleLoggerItemModelAtom.swift; sourceTree = "<group>"; };
		3C3BEB9028F768890020AE58 /* LoggerItemsModel-VM.swift */ = {isa = PBXFileReference; lastKnownFileType = sourcecode.swift; path = "LoggerItemsModel-VM.swift"; sourceTree = "<group>"; };
		3C6B414328E4C85600CBCE9A /* ButtonAtoms.swift */ = {isa = PBXFileReference; lastKnownFileType = sourcecode.swift; path = ButtonAtoms.swift; sourceTree = "<group>"; };
		3C6B414628E4CEA600CBCE9A /* LabelSmallAtom.swift */ = {isa = PBXFileReference; lastKnownFileType = sourcecode.swift; path = LabelSmallAtom.swift; sourceTree = "<group>"; };
		3C6B414828E4CFD100CBCE9A /* ButtonExecFullAtom.swift */ = {isa = PBXFileReference; lastKnownFileType = sourcecode.swift; path = ButtonExecFullAtom.swift; sourceTree = "<group>"; };
		3C6B414A28E4D04800CBCE9A /* HeadlineAtom.swift */ = {isa = PBXFileReference; lastKnownFileType = sourcecode.swift; path = HeadlineAtom.swift; sourceTree = "<group>"; };
		3C6B414C28E4DD2500CBCE9A /* LabelTimeAtom.swift */ = {isa = PBXFileReference; lastKnownFileType = sourcecode.swift; path = LabelTimeAtom.swift; sourceTree = "<group>"; };
		3C6B414E28E4E03900CBCE9A /* InputTextAtom.swift */ = {isa = PBXFileReference; lastKnownFileType = sourcecode.swift; path = InputTextAtom.swift; sourceTree = "<group>"; };
		3C6B415028E4E08900CBCE9A /* ButtonExecHalfAtom.swift */ = {isa = PBXFileReference; lastKnownFileType = sourcecode.swift; path = ButtonExecHalfAtom.swift; sourceTree = "<group>"; };
		3C6B415228E4E11400CBCE9A /* ButtonSmallAtom.swift */ = {isa = PBXFileReference; lastKnownFileType = sourcecode.swift; path = ButtonSmallAtom.swift; sourceTree = "<group>"; };
		3C6B415428E4E24B00CBCE9A /* SettingsPage.swift */ = {isa = PBXFileReference; lastKnownFileType = sourcecode.swift; path = SettingsPage.swift; sourceTree = "<group>"; };
		3C6B415628E4E28900CBCE9A /* LoggerMemoPage.swift */ = {isa = PBXFileReference; lastKnownFileType = sourcecode.swift; path = LoggerMemoPage.swift; sourceTree = "<group>"; };
		3C6B415828E4E2E400CBCE9A /* LabelCreatePage.swift */ = {isa = PBXFileReference; lastKnownFileType = sourcecode.swift; path = LabelCreatePage.swift; sourceTree = "<group>"; };
		3C6B415A28E4E36200CBCE9A /* DataMetaPage.swift */ = {isa = PBXFileReference; lastKnownFileType = sourcecode.swift; path = DataMetaPage.swift; sourceTree = "<group>"; };
		3C6E633528F2129E0023A1CB /* Index.swift */ = {isa = PBXFileReference; lastKnownFileType = sourcecode.swift; path = Index.swift; sourceTree = "<group>"; };
		3C6E633728F21C260023A1CB /* Config.swift */ = {isa = PBXFileReference; lastKnownFileType = sourcecode.swift; path = Config.swift; sourceTree = "<group>"; };
		3C6E633A28F4B7920023A1CB /* Logger-VM.swift */ = {isa = PBXFileReference; lastKnownFileType = sourcecode.swift; path = "Logger-VM.swift"; sourceTree = "<group>"; };
		3C6E633D28F502510023A1CB /* LoggerReady-VM.swift */ = {isa = PBXFileReference; lastKnownFileType = sourcecode.swift; path = "LoggerReady-VM.swift"; sourceTree = "<group>"; };
		3C6E633F28F507170023A1CB /* LoggerData-VM.swift */ = {isa = PBXFileReference; lastKnownFileType = sourcecode.swift; path = "LoggerData-VM.swift"; sourceTree = "<group>"; };
		3C6EBFAE28E6481900D6734F /* LoggerMemoButtonsMolecule.swift */ = {isa = PBXFileReference; lastKnownFileType = sourcecode.swift; path = LoggerMemoButtonsMolecule.swift; sourceTree = "<group>"; };
		3C6EBFB028E6495B00D6734F /* LoggerMemoTimeOrganism.swift */ = {isa = PBXFileReference; lastKnownFileType = sourcecode.swift; path = LoggerMemoTimeOrganism.swift; sourceTree = "<group>"; };
		3C6EBFB228E64A0800D6734F /* LoggerMemoTemplate.swift */ = {isa = PBXFileReference; lastKnownFileType = sourcecode.swift; path = LoggerMemoTemplate.swift; sourceTree = "<group>"; };
		3C796CB628EB9F4800E2DA75 /* LabelTemplate.swift */ = {isa = PBXFileReference; lastKnownFileType = sourcecode.swift; path = LabelTemplate.swift; sourceTree = "<group>"; };
		3C8460D428EC79E1004AF6B5 /* ItemListMolecule.swift */ = {isa = PBXFileReference; lastKnownFileType = sourcecode.swift; path = ItemListMolecule.swift; sourceTree = "<group>"; };
		3C8460D628EC7C15004AF6B5 /* LabelItemListOrganism.swift */ = {isa = PBXFileReference; lastKnownFileType = sourcecode.swift; path = LabelItemListOrganism.swift; sourceTree = "<group>"; };
		3C8460D828EC81A8004AF6B5 /* LabelCreateOrganism.swift */ = {isa = PBXFileReference; lastKnownFileType = sourcecode.swift; path = LabelCreateOrganism.swift; sourceTree = "<group>"; };
		3C8460DA28EC82CA004AF6B5 /* PickerWithLabelMolecule.swift */ = {isa = PBXFileReference; lastKnownFileType = sourcecode.swift; path = PickerWithLabelMolecule.swift; sourceTree = "<group>"; };
		3C8460DC28EC838C004AF6B5 /* InputWithLabelMolecule.swift */ = {isa = PBXFileReference; lastKnownFileType = sourcecode.swift; path = InputWithLabelMolecule.swift; sourceTree = "<group>"; };
		3C8460DE28EC8559004AF6B5 /* LabelCreateTemplate.swift */ = {isa = PBXFileReference; lastKnownFileType = sourcecode.swift; path = LabelCreateTemplate.swift; sourceTree = "<group>"; };
		3C8460E128EC89B3004AF6B5 /* DataTemplate.swift */ = {isa = PBXFileReference; lastKnownFileType = sourcecode.swift; path = DataTemplate.swift; sourceTree = "<group>"; };
		3C8460E328EC8AA4004AF6B5 /* DataMetaTemplate.swift */ = {isa = PBXFileReference; lastKnownFileType = sourcecode.swift; path = DataMetaTemplate.swift; sourceTree = "<group>"; };
		3C8460E628EC8BAF004AF6B5 /* SettingsTemplate.swift */ = {isa = PBXFileReference; lastKnownFileType = sourcecode.swift; path = SettingsTemplate.swift; sourceTree = "<group>"; };
		3C8460E828EC96FD004AF6B5 /* DataMainPage.swift */ = {isa = PBXFileReference; lastKnownFileType = sourcecode.swift; path = DataMainPage.swift; sourceTree = "<group>"; };
		3C8460EA28EC972E004AF6B5 /* DataMainTemplate.swift */ = {isa = PBXFileReference; lastKnownFileType = sourcecode.swift; path = DataMainTemplate.swift; sourceTree = "<group>"; };
		3C8460EC28EC9DD0004AF6B5 /* ButtonSwitchDataAtom.swift */ = {isa = PBXFileReference; lastKnownFileType = sourcecode.swift; path = ButtonSwitchDataAtom.swift; sourceTree = "<group>"; };
		3C8460EE28EC9E9A004AF6B5 /* LoggerRecordingTemplate.swift */ = {isa = PBXFileReference; lastKnownFileType = sourcecode.swift; path = LoggerRecordingTemplate.swift; sourceTree = "<group>"; };
		3C8BA6D528D6678400ADE7DB /* ios-logger.app */ = {isa = PBXFileReference; explicitFileType = wrapper.application; includeInIndex = 0; path = "ios-logger.app"; sourceTree = BUILT_PRODUCTS_DIR; };
		3C8BA6D828D6678400ADE7DB /* ios_loggerApp.swift */ = {isa = PBXFileReference; lastKnownFileType = sourcecode.swift; path = ios_loggerApp.swift; sourceTree = "<group>"; };
		3C8BA6DA28D6678400ADE7DB /* ContentView.swift */ = {isa = PBXFileReference; lastKnownFileType = sourcecode.swift; path = ContentView.swift; sourceTree = "<group>"; };
		3C8BA6DC28D6678500ADE7DB /* Assets.xcassets */ = {isa = PBXFileReference; lastKnownFileType = folder.assetcatalog; path = Assets.xcassets; sourceTree = "<group>"; };
		3C8BA6DF28D6678500ADE7DB /* Preview Assets.xcassets */ = {isa = PBXFileReference; lastKnownFileType = folder.assetcatalog; path = "Preview Assets.xcassets"; sourceTree = "<group>"; };
		3C8BA6E128D6678500ADE7DB /* Persistence.swift */ = {isa = PBXFileReference; lastKnownFileType = sourcecode.swift; path = Persistence.swift; sourceTree = "<group>"; };
		3C8BA6E428D6678500ADE7DB /* ios_logger.xcdatamodel */ = {isa = PBXFileReference; lastKnownFileType = wrapper.xcdatamodel; path = ios_logger.xcdatamodel; sourceTree = "<group>"; };
		3C8BA6EA28D6678500ADE7DB /* ios-loggerTests.xctest */ = {isa = PBXFileReference; explicitFileType = wrapper.cfbundle; includeInIndex = 0; path = "ios-loggerTests.xctest"; sourceTree = BUILT_PRODUCTS_DIR; };
		3C8BA6EE28D6678500ADE7DB /* ios_loggerTests.swift */ = {isa = PBXFileReference; lastKnownFileType = sourcecode.swift; path = ios_loggerTests.swift; sourceTree = "<group>"; };
		3C8BA6F428D6678500ADE7DB /* ios-loggerUITests.xctest */ = {isa = PBXFileReference; explicitFileType = wrapper.cfbundle; includeInIndex = 0; path = "ios-loggerUITests.xctest"; sourceTree = BUILT_PRODUCTS_DIR; };
		3C8BA6F828D6678500ADE7DB /* ios_loggerUITests.swift */ = {isa = PBXFileReference; lastKnownFileType = sourcecode.swift; path = ios_loggerUITests.swift; sourceTree = "<group>"; };
		3C8BA6FA28D6678500ADE7DB /* ios_loggerUITestsLaunchTests.swift */ = {isa = PBXFileReference; lastKnownFileType = sourcecode.swift; path = ios_loggerUITestsLaunchTests.swift; sourceTree = "<group>"; };
		3C8BF39128E639300091C998 /* LoggerDataTemplate.swift */ = {isa = PBXFileReference; lastKnownFileType = sourcecode.swift; path = LoggerDataTemplate.swift; sourceTree = "<group>"; };
		3C8BF39328E639B70091C998 /* LoggerDataListOrganism.swift */ = {isa = PBXFileReference; lastKnownFileType = sourcecode.swift; path = LoggerDataListOrganism.swift; sourceTree = "<group>"; };
		3CA9FBDF28EB68AE001B08B2 /* LoggerRecordingPage.swift */ = {isa = PBXFileReference; lastKnownFileType = sourcecode.swift; path = LoggerRecordingPage.swift; sourceTree = "<group>"; };
		3CA9FBE128EB737B001B08B2 /* ButtonSwitchLoggerAtom.swift */ = {isa = PBXFileReference; lastKnownFileType = sourcecode.swift; path = ButtonSwitchLoggerAtom.swift; sourceTree = "<group>"; };
		3CEB3CC028FC756100B5C748 /* ButtonExecFullAtom-VM.swift */ = {isa = PBXFileReference; lastKnownFileType = sourcecode.swift; path = "ButtonExecFullAtom-VM.swift"; sourceTree = "<group>"; };
/* End PBXFileReference section */

/* Begin PBXFrameworksBuildPhase section */
		3C8BA6D228D6678400ADE7DB /* Frameworks */ = {
			isa = PBXFrameworksBuildPhase;
			buildActionMask = 2147483647;
			files = (
			);
			runOnlyForDeploymentPostprocessing = 0;
		};
		3C8BA6E728D6678500ADE7DB /* Frameworks */ = {
			isa = PBXFrameworksBuildPhase;
			buildActionMask = 2147483647;
			files = (
			);
			runOnlyForDeploymentPostprocessing = 0;
		};
		3C8BA6F128D6678500ADE7DB /* Frameworks */ = {
			isa = PBXFrameworksBuildPhase;
			buildActionMask = 2147483647;
			files = (
			);
			runOnlyForDeploymentPostprocessing = 0;
		};
/* End PBXFrameworksBuildPhase section */

/* Begin PBXGroup section */
		3C1C526628E4FD0C002982BE /* Logger */ = {
			isa = PBXGroup;
			children = (
				3C0F80C128E1389C00753CB1 /* LoggerItemMolecule.swift */,
				3C0F80BF28E1383400753CB1 /* LoggerLabelPickerMolecule.swift */,
				3C1C526728E4FD74002982BE /* LoggerDataMolecule.swift */,
				3C1C526928E4FF49002982BE /* LoggerTimeTriggerMolecule.swift */,
				3C6EBFAE28E6481900D6734F /* LoggerMemoButtonsMolecule.swift */,
			);
			path = Logger;
			sourceTree = "<group>";
		};
		3C1C526B28E50581002982BE /* Logger */ = {
			isa = PBXGroup;
			children = (
				3C0F80C728E16AF800753CB1 /* LoggerTemplate.swift */,
				3C0F80CB28E16CC400753CB1 /* LoggerReadyTemplate.swift */,
				3C8460EE28EC9E9A004AF6B5 /* LoggerRecordingTemplate.swift */,
				3C8BF39128E639300091C998 /* LoggerDataTemplate.swift */,
				3C6EBFB228E64A0800D6734F /* LoggerMemoTemplate.swift */,
			);
			path = Logger;
			sourceTree = "<group>";
		};
		3C35BD4728E001B2001795A1 /* Views */ = {
			isa = PBXGroup;
			children = (
				3C35BD5028E002C0001795A1 /* Pages */,
				3C35BD4E28E002A1001795A1 /* Templates */,
				3C35BD5128E002C9001795A1 /* Organisms */,
				3C35BD5228E00305001795A1 /* Molecules */,
				3C35BD4C28E00286001795A1 /* Atoms */,
			);
			path = Views;
			sourceTree = "<group>";
		};
		3C35BD4828E001CC001795A1 /* Cores */ = {
			isa = PBXGroup;
			children = (
				3C6E633528F2129E0023A1CB /* Index.swift */,
				3C6E633728F21C260023A1CB /* Config.swift */,
				3C281DE228FA790B0030EB15 /* LoggerManager.swift */,
				3C0F80D428E17D7900753CB1 /* AltimeterManager.swift */,
				3C0F80D628E17DA500753CB1 /* LogsManager.swift */,
				3C0F80D828E17DD000753CB1 /* DateTimeManager.swift */,
				3C0F80DA28E17DFA00753CB1 /* RecordManager.swift */,
				3C0F80DC28E17E1900753CB1 /* ScreenBrightnessManager.swift */,
			);
			path = Cores;
			sourceTree = "<group>";
		};
		3C35BD4928E001E2001795A1 /* Models */ = {
			isa = PBXGroup;
			children = (
				3C0F80B528E1303D00753CB1 /* LoggerItemsModel.swift */,
			);
			path = Models;
			sourceTree = "<group>";
		};
		3C35BD4B28E00227001795A1 /* Utils */ = {
			isa = PBXGroup;
			children = (
				3C0F80E028E17EB100753CB1 /* FileManager.swift */,
				3C0F80E228E17EE200753CB1 /* UIActivityModal.swift */,
			);
			path = Utils;
			sourceTree = "<group>";
		};
		3C35BD4C28E00286001795A1 /* Atoms */ = {
			isa = PBXGroup;
			children = (
				3C35BD5628E00980001795A1 /* TitleAtom.swift */,
				3C6B414A28E4D04800CBCE9A /* HeadlineAtom.swift */,
				3C0F80B728E1339F00753CB1 /* ItemAtom.swift */,
				3C6B414628E4CEA600CBCE9A /* LabelSmallAtom.swift */,
				3C6B414C28E4DD2500CBCE9A /* LabelTimeAtom.swift */,
				3C0F80B328E12FCB00753CB1 /* ToggleAtom.swift */,
				3C3BEB8E28F7127F0020AE58 /* ToggleLoggerItemModelAtom.swift */,
				3C0F80BB28E1352700753CB1 /* ButtonNavigationAtom.swift */,
				3C6B414828E4CFD100CBCE9A /* ButtonExecFullAtom.swift */,
				3C6B415028E4E08900CBCE9A /* ButtonExecHalfAtom.swift */,
				3C6B415228E4E11400CBCE9A /* ButtonSmallAtom.swift */,
				3CA9FBE128EB737B001B08B2 /* ButtonSwitchLoggerAtom.swift */,
				3C8460EC28EC9DD0004AF6B5 /* ButtonSwitchDataAtom.swift */,
				3C6B414328E4C85600CBCE9A /* ButtonAtoms.swift */,
				3C0F80B928E134B300753CB1 /* PickerWheelAtom.swift */,
				3C1C526C28E50843002982BE /* PickerMenuAtom.swift */,
				3C6B414E28E4E03900CBCE9A /* InputTextAtom.swift */,
			);
			path = Atoms;
			sourceTree = "<group>";
		};
		3C35BD4D28E00296001795A1 /* Data */ = {
			isa = PBXGroup;
			children = (
				3C0F80CD28E16D5F00753CB1 /* DataPage.swift */,
				3C8460E828EC96FD004AF6B5 /* DataMainPage.swift */,
				3C6B415A28E4E36200CBCE9A /* DataMetaPage.swift */,
				3C0F80DE28E17E8C00753CB1 /* OldDataPage.swift */,
			);
			path = Data;
			sourceTree = "<group>";
		};
		3C35BD4E28E002A1001795A1 /* Templates */ = {
			isa = PBXGroup;
			children = (
				3C1C526B28E50581002982BE /* Logger */,
				3C796CB828EB9F7100E2DA75 /* Label */,
				3C8460E028EC8987004AF6B5 /* Data */,
				3C8460E528EC8B69004AF6B5 /* Settings */,
			);
			path = Templates;
			sourceTree = "<group>";
		};
		3C35BD4F28E002B3001795A1 /* Settings */ = {
			isa = PBXGroup;
			children = (
				3C6B415428E4E24B00CBCE9A /* SettingsPage.swift */,
			);
			path = Settings;
			sourceTree = "<group>";
		};
		3C35BD5028E002C0001795A1 /* Pages */ = {
			isa = PBXGroup;
			children = (
				3C8BA6DA28D6678400ADE7DB /* ContentView.swift */,
				3C35BD5328E00316001795A1 /* Logger */,
				3C35BD5528E005F0001795A1 /* Labels */,
				3C35BD4D28E00296001795A1 /* Data */,
				3C35BD4F28E002B3001795A1 /* Settings */,
			);
			path = Pages;
			sourceTree = "<group>";
		};
		3C35BD5128E002C9001795A1 /* Organisms */ = {
			isa = PBXGroup;
			children = (
				3C0F80C328E155D400753CB1 /* LoggerListItemsOrganism.swift */,
				3C0F80C528E1563200753CB1 /* LoggerPickersOrganism.swift */,
				3C8BF39328E639B70091C998 /* LoggerDataListOrganism.swift */,
				3C6EBFB028E6495B00D6734F /* LoggerMemoTimeOrganism.swift */,
				3C8460D628EC7C15004AF6B5 /* LabelItemListOrganism.swift */,
				3C8460D828EC81A8004AF6B5 /* LabelCreateOrganism.swift */,
			);
			path = Organisms;
			sourceTree = "<group>";
		};
		3C35BD5228E00305001795A1 /* Molecules */ = {
			isa = PBXGroup;
			children = (
				3C1C526628E4FD0C002982BE /* Logger */,
				3C8460D428EC79E1004AF6B5 /* ItemListMolecule.swift */,
				3C8460DA28EC82CA004AF6B5 /* PickerWithLabelMolecule.swift */,
				3C8460DC28EC838C004AF6B5 /* InputWithLabelMolecule.swift */,
			);
			path = Molecules;
			sourceTree = "<group>";
		};
		3C35BD5328E00316001795A1 /* Logger */ = {
			isa = PBXGroup;
			children = (
				3C0F80BD28E1366100753CB1 /* LoggerPage.swift */,
				3C0F80C928E16C9100753CB1 /* LoggerReadyPage.swift */,
				3CA9FBDF28EB68AE001B08B2 /* LoggerRecordingPage.swift */,
				3C0F80D228E16E2200753CB1 /* LoggerDataPage.swift */,
				3C6B415628E4E28900CBCE9A /* LoggerMemoPage.swift */,
			);
			path = Logger;
			sourceTree = "<group>";
		};
		3C35BD5528E005F0001795A1 /* Labels */ = {
			isa = PBXGroup;
			children = (
				3C0F80D028E16DB800753CB1 /* LabelsPage.swift */,
				3C6B415828E4E2E400CBCE9A /* LabelCreatePage.swift */,
			);
			path = Labels;
			sourceTree = "<group>";
		};
		3C6E633928F4B7510023A1CB /* ViewModel */ = {
			isa = PBXGroup;
			children = (
				3C6E633C28F4B7F90023A1CB /* Logger */,
				3CEB3CBF28FC754100B5C748 /* Atoms */,
			);
			path = ViewModel;
			sourceTree = "<group>";
		};
		3C6E633C28F4B7F90023A1CB /* Logger */ = {
			isa = PBXGroup;
			children = (
				3C3BEB9028F768890020AE58 /* LoggerItemsModel-VM.swift */,
				3C6E633A28F4B7920023A1CB /* Logger-VM.swift */,
				3C6E633D28F502510023A1CB /* LoggerReady-VM.swift */,
				3C6E633F28F507170023A1CB /* LoggerData-VM.swift */,
				3C3BEB8C28F70AD50020AE58 /* LoggerDataOrganism-VM.swift */,
			);
			path = Logger;
			sourceTree = "<group>";
		};
		3C796CB828EB9F7100E2DA75 /* Label */ = {
			isa = PBXGroup;
			children = (
				3C796CB628EB9F4800E2DA75 /* LabelTemplate.swift */,
				3C8460DE28EC8559004AF6B5 /* LabelCreateTemplate.swift */,
			);
			path = Label;
			sourceTree = "<group>";
		};
		3C8460E028EC8987004AF6B5 /* Data */ = {
			isa = PBXGroup;
			children = (
				3C8460E128EC89B3004AF6B5 /* DataTemplate.swift */,
				3C8460EA28EC972E004AF6B5 /* DataMainTemplate.swift */,
				3C8460E328EC8AA4004AF6B5 /* DataMetaTemplate.swift */,
			);
			path = Data;
			sourceTree = "<group>";
		};
		3C8460E528EC8B69004AF6B5 /* Settings */ = {
			isa = PBXGroup;
			children = (
				3C8460E628EC8BAF004AF6B5 /* SettingsTemplate.swift */,
			);
			path = Settings;
			sourceTree = "<group>";
		};
		3C8BA6CC28D6678400ADE7DB = {
			isa = PBXGroup;
			children = (
				3C8BA6D728D6678400ADE7DB /* ios-logger */,
				3C8BA6ED28D6678500ADE7DB /* ios-loggerTests */,
				3C8BA6F728D6678500ADE7DB /* ios-loggerUITests */,
				3C8BA6D628D6678400ADE7DB /* Products */,
			);
			sourceTree = "<group>";
		};
		3C8BA6D628D6678400ADE7DB /* Products */ = {
			isa = PBXGroup;
			children = (
				3C8BA6D528D6678400ADE7DB /* ios-logger.app */,
				3C8BA6EA28D6678500ADE7DB /* ios-loggerTests.xctest */,
				3C8BA6F428D6678500ADE7DB /* ios-loggerUITests.xctest */,
			);
			name = Products;
			sourceTree = "<group>";
		};
		3C8BA6D728D6678400ADE7DB /* ios-logger */ = {
			isa = PBXGroup;
			children = (
				3C35BD4828E001CC001795A1 /* Cores */,
				3C35BD4928E001E2001795A1 /* Models */,
				3C6E633928F4B7510023A1CB /* ViewModel */,
				3C35BD4728E001B2001795A1 /* Views */,
				3C35BD4B28E00227001795A1 /* Utils */,
				3C8BA6D828D6678400ADE7DB /* ios_loggerApp.swift */,
				3C8BA6DC28D6678500ADE7DB /* Assets.xcassets */,
				3C8BA6E128D6678500ADE7DB /* Persistence.swift */,
				3C8BA6E328D6678500ADE7DB /* ios_logger.xcdatamodeld */,
				3C8BA6DE28D6678500ADE7DB /* Preview Content */,
			);
			path = "ios-logger";
			sourceTree = "<group>";
		};
		3C8BA6DE28D6678500ADE7DB /* Preview Content */ = {
			isa = PBXGroup;
			children = (
				3C8BA6DF28D6678500ADE7DB /* Preview Assets.xcassets */,
			);
			path = "Preview Content";
			sourceTree = "<group>";
		};
		3C8BA6ED28D6678500ADE7DB /* ios-loggerTests */ = {
			isa = PBXGroup;
			children = (
				3C8BA6EE28D6678500ADE7DB /* ios_loggerTests.swift */,
			);
			path = "ios-loggerTests";
			sourceTree = "<group>";
		};
		3C8BA6F728D6678500ADE7DB /* ios-loggerUITests */ = {
			isa = PBXGroup;
			children = (
				3C8BA6F828D6678500ADE7DB /* ios_loggerUITests.swift */,
				3C8BA6FA28D6678500ADE7DB /* ios_loggerUITestsLaunchTests.swift */,
			);
			path = "ios-loggerUITests";
			sourceTree = "<group>";
		};
		3CEB3CBF28FC754100B5C748 /* Atoms */ = {
			isa = PBXGroup;
			children = (
				3CEB3CC028FC756100B5C748 /* ButtonExecFullAtom-VM.swift */,
			);
			path = Atoms;
			sourceTree = "<group>";
		};
/* End PBXGroup section */

/* Begin PBXNativeTarget section */
		3C8BA6D428D6678400ADE7DB /* ios-logger */ = {
			isa = PBXNativeTarget;
			buildConfigurationList = 3C8BA6FE28D6678500ADE7DB /* Build configuration list for PBXNativeTarget "ios-logger" */;
			buildPhases = (
				3C8BA6D128D6678400ADE7DB /* Sources */,
				3C8BA6D228D6678400ADE7DB /* Frameworks */,
				3C8BA6D328D6678400ADE7DB /* Resources */,
			);
			buildRules = (
			);
			dependencies = (
			);
			name = "ios-logger";
			productName = "ios-logger";
			productReference = 3C8BA6D528D6678400ADE7DB /* ios-logger.app */;
			productType = "com.apple.product-type.application";
		};
		3C8BA6E928D6678500ADE7DB /* ios-loggerTests */ = {
			isa = PBXNativeTarget;
			buildConfigurationList = 3C8BA70128D6678500ADE7DB /* Build configuration list for PBXNativeTarget "ios-loggerTests" */;
			buildPhases = (
				3C8BA6E628D6678500ADE7DB /* Sources */,
				3C8BA6E728D6678500ADE7DB /* Frameworks */,
				3C8BA6E828D6678500ADE7DB /* Resources */,
			);
			buildRules = (
			);
			dependencies = (
				3C8BA6EC28D6678500ADE7DB /* PBXTargetDependency */,
			);
			name = "ios-loggerTests";
			productName = "ios-loggerTests";
			productReference = 3C8BA6EA28D6678500ADE7DB /* ios-loggerTests.xctest */;
			productType = "com.apple.product-type.bundle.unit-test";
		};
		3C8BA6F328D6678500ADE7DB /* ios-loggerUITests */ = {
			isa = PBXNativeTarget;
			buildConfigurationList = 3C8BA70428D6678500ADE7DB /* Build configuration list for PBXNativeTarget "ios-loggerUITests" */;
			buildPhases = (
				3C8BA6F028D6678500ADE7DB /* Sources */,
				3C8BA6F128D6678500ADE7DB /* Frameworks */,
				3C8BA6F228D6678500ADE7DB /* Resources */,
			);
			buildRules = (
			);
			dependencies = (
				3C8BA6F628D6678500ADE7DB /* PBXTargetDependency */,
			);
			name = "ios-loggerUITests";
			productName = "ios-loggerUITests";
			productReference = 3C8BA6F428D6678500ADE7DB /* ios-loggerUITests.xctest */;
			productType = "com.apple.product-type.bundle.ui-testing";
		};
/* End PBXNativeTarget section */

/* Begin PBXProject section */
		3C8BA6CD28D6678400ADE7DB /* Project object */ = {
			isa = PBXProject;
			attributes = {
				BuildIndependentTargetsInParallel = 1;
				LastSwiftUpdateCheck = 1400;
				LastUpgradeCheck = 1400;
				TargetAttributes = {
					3C8BA6D428D6678400ADE7DB = {
						CreatedOnToolsVersion = 14.0;
					};
					3C8BA6E928D6678500ADE7DB = {
						CreatedOnToolsVersion = 14.0;
						TestTargetID = 3C8BA6D428D6678400ADE7DB;
					};
					3C8BA6F328D6678500ADE7DB = {
						CreatedOnToolsVersion = 14.0;
						TestTargetID = 3C8BA6D428D6678400ADE7DB;
					};
				};
			};
			buildConfigurationList = 3C8BA6D028D6678400ADE7DB /* Build configuration list for PBXProject "ios-logger" */;
			compatibilityVersion = "Xcode 14.0";
			developmentRegion = en;
			hasScannedForEncodings = 0;
			knownRegions = (
				en,
				Base,
			);
			mainGroup = 3C8BA6CC28D6678400ADE7DB;
			productRefGroup = 3C8BA6D628D6678400ADE7DB /* Products */;
			projectDirPath = "";
			projectRoot = "";
			targets = (
				3C8BA6D428D6678400ADE7DB /* ios-logger */,
				3C8BA6E928D6678500ADE7DB /* ios-loggerTests */,
				3C8BA6F328D6678500ADE7DB /* ios-loggerUITests */,
			);
		};
/* End PBXProject section */

/* Begin PBXResourcesBuildPhase section */
		3C8BA6D328D6678400ADE7DB /* Resources */ = {
			isa = PBXResourcesBuildPhase;
			buildActionMask = 2147483647;
			files = (
				3C8BA6E028D6678500ADE7DB /* Preview Assets.xcassets in Resources */,
				3C8BA6DD28D6678500ADE7DB /* Assets.xcassets in Resources */,
			);
			runOnlyForDeploymentPostprocessing = 0;
		};
		3C8BA6E828D6678500ADE7DB /* Resources */ = {
			isa = PBXResourcesBuildPhase;
			buildActionMask = 2147483647;
			files = (
			);
			runOnlyForDeploymentPostprocessing = 0;
		};
		3C8BA6F228D6678500ADE7DB /* Resources */ = {
			isa = PBXResourcesBuildPhase;
			buildActionMask = 2147483647;
			files = (
			);
			runOnlyForDeploymentPostprocessing = 0;
		};
/* End PBXResourcesBuildPhase section */

/* Begin PBXSourcesBuildPhase section */
		3C8BA6D128D6678400ADE7DB /* Sources */ = {
			isa = PBXSourcesBuildPhase;
			buildActionMask = 2147483647;
			files = (
				3C8460DB28EC82CA004AF6B5 /* PickerWithLabelMolecule.swift in Sources */,
				3C0F80B628E1303D00753CB1 /* LoggerItemsModel.swift in Sources */,
				3C6B415928E4E2E400CBCE9A /* LabelCreatePage.swift in Sources */,
				3C6E633E28F502510023A1CB /* LoggerReady-VM.swift in Sources */,
				3C6B414928E4CFD100CBCE9A /* ButtonExecFullAtom.swift in Sources */,
				3C0F80D728E17DA500753CB1 /* LogsManager.swift in Sources */,
				3C6EBFB328E64A0800D6734F /* LoggerMemoTemplate.swift in Sources */,
				3C8BA6E228D6678500ADE7DB /* Persistence.swift in Sources */,
				3C6B414F28E4E03900CBCE9A /* InputTextAtom.swift in Sources */,
				3C8460DF28EC8559004AF6B5 /* LabelCreateTemplate.swift in Sources */,
				3C6B414D28E4DD2500CBCE9A /* LabelTimeAtom.swift in Sources */,
				3C8460E428EC8AA4004AF6B5 /* DataMetaTemplate.swift in Sources */,
				3C6E633828F21C260023A1CB /* Config.swift in Sources */,
				3C8460D928EC81A8004AF6B5 /* LabelCreateOrganism.swift in Sources */,
				3C0F80E128E17EB100753CB1 /* FileManager.swift in Sources */,
				3C6B414428E4C85600CBCE9A /* ButtonAtoms.swift in Sources */,
				3C6E633628F2129E0023A1CB /* Index.swift in Sources */,
				3C6B415728E4E28900CBCE9A /* LoggerMemoPage.swift in Sources */,
				3C6B414B28E4D04800CBCE9A /* HeadlineAtom.swift in Sources */,
				3C3BEB9128F768890020AE58 /* LoggerItemsModel-VM.swift in Sources */,
				3C0F80BC28E1352700753CB1 /* ButtonNavigationAtom.swift in Sources */,
				3C6B414728E4CEA600CBCE9A /* LabelSmallAtom.swift in Sources */,
				3C8BF39228E639300091C998 /* LoggerDataTemplate.swift in Sources */,
				3C8460E928EC96FD004AF6B5 /* DataMainPage.swift in Sources */,
				3C8460D728EC7C15004AF6B5 /* LabelItemListOrganism.swift in Sources */,
				3C0F80CA28E16C9100753CB1 /* LoggerReadyPage.swift in Sources */,
				3C1C526D28E50843002982BE /* PickerMenuAtom.swift in Sources */,
				3C0F80BA28E134B300753CB1 /* PickerWheelAtom.swift in Sources */,
				3C8BA6E528D6678500ADE7DB /* ios_logger.xcdatamodeld in Sources */,
				3C1C526A28E4FF49002982BE /* LoggerTimeTriggerMolecule.swift in Sources */,
				3C0F80B828E1339F00753CB1 /* ItemAtom.swift in Sources */,
				3C1C526828E4FD74002982BE /* LoggerDataMolecule.swift in Sources */,
				3C8460E228EC89B3004AF6B5 /* DataTemplate.swift in Sources */,
				3C6E634028F507170023A1CB /* LoggerData-VM.swift in Sources */,
				3C796CB728EB9F4800E2DA75 /* LabelTemplate.swift in Sources */,
				3C6B415528E4E24B00CBCE9A /* SettingsPage.swift in Sources */,
				3C6EBFAF28E6481900D6734F /* LoggerMemoButtonsMolecule.swift in Sources */,
				3C6E633B28F4B7920023A1CB /* Logger-VM.swift in Sources */,
				3C3BEB8F28F7127F0020AE58 /* ToggleLoggerItemModelAtom.swift in Sources */,
				3C8BA6DB28D6678400ADE7DB /* ContentView.swift in Sources */,
				3C6B415128E4E08900CBCE9A /* ButtonExecHalfAtom.swift in Sources */,
				3CA9FBE028EB68AE001B08B2 /* LoggerRecordingPage.swift in Sources */,
				3C0F80CC28E16CC400753CB1 /* LoggerReadyTemplate.swift in Sources */,
				3C0F80C028E1383400753CB1 /* LoggerLabelPickerMolecule.swift in Sources */,
				3C0F80C628E1563200753CB1 /* LoggerPickersOrganism.swift in Sources */,
				3C0F80C228E1389C00753CB1 /* LoggerItemMolecule.swift in Sources */,
				3C0F80C828E16AF800753CB1 /* LoggerTemplate.swift in Sources */,
				3C8BF39428E639B70091C998 /* LoggerDataListOrganism.swift in Sources */,
				3C3BEB8D28F70AD50020AE58 /* LoggerDataOrganism-VM.swift in Sources */,
				3C8460E728EC8BAF004AF6B5 /* SettingsTemplate.swift in Sources */,
				3C0F80BE28E1366100753CB1 /* LoggerPage.swift in Sources */,
				3C8460DD28EC838C004AF6B5 /* InputWithLabelMolecule.swift in Sources */,
				3C0F80DF28E17E8C00753CB1 /* OldDataPage.swift in Sources */,
				3C0F80C428E155D400753CB1 /* LoggerListItemsOrganism.swift in Sources */,
				3C8460ED28EC9DD0004AF6B5 /* ButtonSwitchDataAtom.swift in Sources */,
				3C0F80D928E17DD000753CB1 /* DateTimeManager.swift in Sources */,
				3C6B415328E4E11400CBCE9A /* ButtonSmallAtom.swift in Sources */,
				3C8460EB28EC972E004AF6B5 /* DataMainTemplate.swift in Sources */,
				3C0F80D128E16DB800753CB1 /* LabelsPage.swift in Sources */,
				3C0F80DD28E17E1900753CB1 /* ScreenBrightnessManager.swift in Sources */,
				3C0F80CE28E16D5F00753CB1 /* DataPage.swift in Sources */,
				3C8460D528EC79E1004AF6B5 /* ItemListMolecule.swift in Sources */,
				3C0F80E328E17EE200753CB1 /* UIActivityModal.swift in Sources */,
				3C281DE328FA790B0030EB15 /* LoggerManager.swift in Sources */,
				3C8BA6D928D6678400ADE7DB /* ios_loggerApp.swift in Sources */,
				3C6B415B28E4E36200CBCE9A /* DataMetaPage.swift in Sources */,
				3C0F80B428E12FCB00753CB1 /* ToggleAtom.swift in Sources */,
				3C8460EF28EC9E9A004AF6B5 /* LoggerRecordingTemplate.swift in Sources */,
				3CA9FBE228EB737B001B08B2 /* ButtonSwitchLoggerAtom.swift in Sources */,
				3C0F80D528E17D7900753CB1 /* AltimeterManager.swift in Sources */,
				3C35BD5728E00980001795A1 /* TitleAtom.swift in Sources */,
				3C6EBFB128E6495B00D6734F /* LoggerMemoTimeOrganism.swift in Sources */,
				3C0F80DB28E17DFA00753CB1 /* RecordManager.swift in Sources */,
				3C0F80D328E16E2200753CB1 /* LoggerDataPage.swift in Sources */,
				3CEB3CC128FC756100B5C748 /* ButtonExecFullAtom-VM.swift in Sources */,
			);
			runOnlyForDeploymentPostprocessing = 0;
		};
		3C8BA6E628D6678500ADE7DB /* Sources */ = {
			isa = PBXSourcesBuildPhase;
			buildActionMask = 2147483647;
			files = (
				3C8BA6EF28D6678500ADE7DB /* ios_loggerTests.swift in Sources */,
			);
			runOnlyForDeploymentPostprocessing = 0;
		};
		3C8BA6F028D6678500ADE7DB /* Sources */ = {
			isa = PBXSourcesBuildPhase;
			buildActionMask = 2147483647;
			files = (
				3C8BA6FB28D6678500ADE7DB /* ios_loggerUITestsLaunchTests.swift in Sources */,
				3C8BA6F928D6678500ADE7DB /* ios_loggerUITests.swift in Sources */,
			);
			runOnlyForDeploymentPostprocessing = 0;
		};
/* End PBXSourcesBuildPhase section */

/* Begin PBXTargetDependency section */
		3C8BA6EC28D6678500ADE7DB /* PBXTargetDependency */ = {
			isa = PBXTargetDependency;
			target = 3C8BA6D428D6678400ADE7DB /* ios-logger */;
			targetProxy = 3C8BA6EB28D6678500ADE7DB /* PBXContainerItemProxy */;
		};
		3C8BA6F628D6678500ADE7DB /* PBXTargetDependency */ = {
			isa = PBXTargetDependency;
			target = 3C8BA6D428D6678400ADE7DB /* ios-logger */;
			targetProxy = 3C8BA6F528D6678500ADE7DB /* PBXContainerItemProxy */;
		};
/* End PBXTargetDependency section */

/* Begin XCBuildConfiguration section */
		3C8BA6FC28D6678500ADE7DB /* Debug */ = {
			isa = XCBuildConfiguration;
			buildSettings = {
				ALWAYS_SEARCH_USER_PATHS = NO;
				CLANG_ANALYZER_NONNULL = YES;
				CLANG_ANALYZER_NUMBER_OBJECT_CONVERSION = YES_AGGRESSIVE;
				CLANG_CXX_LANGUAGE_STANDARD = "gnu++20";
				CLANG_ENABLE_MODULES = YES;
				CLANG_ENABLE_OBJC_ARC = YES;
				CLANG_ENABLE_OBJC_WEAK = YES;
				CLANG_WARN_BLOCK_CAPTURE_AUTORELEASING = YES;
				CLANG_WARN_BOOL_CONVERSION = YES;
				CLANG_WARN_COMMA = YES;
				CLANG_WARN_CONSTANT_CONVERSION = YES;
				CLANG_WARN_DEPRECATED_OBJC_IMPLEMENTATIONS = YES;
				CLANG_WARN_DIRECT_OBJC_ISA_USAGE = YES_ERROR;
				CLANG_WARN_DOCUMENTATION_COMMENTS = YES;
				CLANG_WARN_EMPTY_BODY = YES;
				CLANG_WARN_ENUM_CONVERSION = YES;
				CLANG_WARN_INFINITE_RECURSION = YES;
				CLANG_WARN_INT_CONVERSION = YES;
				CLANG_WARN_NON_LITERAL_NULL_CONVERSION = YES;
				CLANG_WARN_OBJC_IMPLICIT_RETAIN_SELF = YES;
				CLANG_WARN_OBJC_LITERAL_CONVERSION = YES;
				CLANG_WARN_OBJC_ROOT_CLASS = YES_ERROR;
				CLANG_WARN_QUOTED_INCLUDE_IN_FRAMEWORK_HEADER = YES;
				CLANG_WARN_RANGE_LOOP_ANALYSIS = YES;
				CLANG_WARN_STRICT_PROTOTYPES = YES;
				CLANG_WARN_SUSPICIOUS_MOVE = YES;
				CLANG_WARN_UNGUARDED_AVAILABILITY = YES_AGGRESSIVE;
				CLANG_WARN_UNREACHABLE_CODE = YES;
				CLANG_WARN__DUPLICATE_METHOD_MATCH = YES;
				COPY_PHASE_STRIP = NO;
				DEBUG_INFORMATION_FORMAT = dwarf;
				ENABLE_STRICT_OBJC_MSGSEND = YES;
				ENABLE_TESTABILITY = YES;
				GCC_C_LANGUAGE_STANDARD = gnu11;
				GCC_DYNAMIC_NO_PIC = NO;
				GCC_NO_COMMON_BLOCKS = YES;
				GCC_OPTIMIZATION_LEVEL = 0;
				GCC_PREPROCESSOR_DEFINITIONS = (
					"DEBUG=1",
					"$(inherited)",
				);
				GCC_WARN_64_TO_32_BIT_CONVERSION = YES;
				GCC_WARN_ABOUT_RETURN_TYPE = YES_ERROR;
				GCC_WARN_UNDECLARED_SELECTOR = YES;
				GCC_WARN_UNINITIALIZED_AUTOS = YES_AGGRESSIVE;
				GCC_WARN_UNUSED_FUNCTION = YES;
				GCC_WARN_UNUSED_VARIABLE = YES;
				IPHONEOS_DEPLOYMENT_TARGET = 16.0;
				MTL_ENABLE_DEBUG_INFO = INCLUDE_SOURCE;
				MTL_FAST_MATH = YES;
				ONLY_ACTIVE_ARCH = YES;
				SDKROOT = iphoneos;
				SWIFT_ACTIVE_COMPILATION_CONDITIONS = DEBUG;
				SWIFT_OPTIMIZATION_LEVEL = "-Onone";
			};
			name = Debug;
		};
		3C8BA6FD28D6678500ADE7DB /* Release */ = {
			isa = XCBuildConfiguration;
			buildSettings = {
				ALWAYS_SEARCH_USER_PATHS = NO;
				CLANG_ANALYZER_NONNULL = YES;
				CLANG_ANALYZER_NUMBER_OBJECT_CONVERSION = YES_AGGRESSIVE;
				CLANG_CXX_LANGUAGE_STANDARD = "gnu++20";
				CLANG_ENABLE_MODULES = YES;
				CLANG_ENABLE_OBJC_ARC = YES;
				CLANG_ENABLE_OBJC_WEAK = YES;
				CLANG_WARN_BLOCK_CAPTURE_AUTORELEASING = YES;
				CLANG_WARN_BOOL_CONVERSION = YES;
				CLANG_WARN_COMMA = YES;
				CLANG_WARN_CONSTANT_CONVERSION = YES;
				CLANG_WARN_DEPRECATED_OBJC_IMPLEMENTATIONS = YES;
				CLANG_WARN_DIRECT_OBJC_ISA_USAGE = YES_ERROR;
				CLANG_WARN_DOCUMENTATION_COMMENTS = YES;
				CLANG_WARN_EMPTY_BODY = YES;
				CLANG_WARN_ENUM_CONVERSION = YES;
				CLANG_WARN_INFINITE_RECURSION = YES;
				CLANG_WARN_INT_CONVERSION = YES;
				CLANG_WARN_NON_LITERAL_NULL_CONVERSION = YES;
				CLANG_WARN_OBJC_IMPLICIT_RETAIN_SELF = YES;
				CLANG_WARN_OBJC_LITERAL_CONVERSION = YES;
				CLANG_WARN_OBJC_ROOT_CLASS = YES_ERROR;
				CLANG_WARN_QUOTED_INCLUDE_IN_FRAMEWORK_HEADER = YES;
				CLANG_WARN_RANGE_LOOP_ANALYSIS = YES;
				CLANG_WARN_STRICT_PROTOTYPES = YES;
				CLANG_WARN_SUSPICIOUS_MOVE = YES;
				CLANG_WARN_UNGUARDED_AVAILABILITY = YES_AGGRESSIVE;
				CLANG_WARN_UNREACHABLE_CODE = YES;
				CLANG_WARN__DUPLICATE_METHOD_MATCH = YES;
				COPY_PHASE_STRIP = NO;
				DEBUG_INFORMATION_FORMAT = "dwarf-with-dsym";
				ENABLE_NS_ASSERTIONS = NO;
				ENABLE_STRICT_OBJC_MSGSEND = YES;
				GCC_C_LANGUAGE_STANDARD = gnu11;
				GCC_NO_COMMON_BLOCKS = YES;
				GCC_WARN_64_TO_32_BIT_CONVERSION = YES;
				GCC_WARN_ABOUT_RETURN_TYPE = YES_ERROR;
				GCC_WARN_UNDECLARED_SELECTOR = YES;
				GCC_WARN_UNINITIALIZED_AUTOS = YES_AGGRESSIVE;
				GCC_WARN_UNUSED_FUNCTION = YES;
				GCC_WARN_UNUSED_VARIABLE = YES;
				IPHONEOS_DEPLOYMENT_TARGET = 16.0;
				MTL_ENABLE_DEBUG_INFO = NO;
				MTL_FAST_MATH = YES;
				SDKROOT = iphoneos;
				SWIFT_COMPILATION_MODE = wholemodule;
				SWIFT_OPTIMIZATION_LEVEL = "-O";
				VALIDATE_PRODUCT = YES;
			};
			name = Release;
		};
		3C8BA6FF28D6678500ADE7DB /* Debug */ = {
			isa = XCBuildConfiguration;
			buildSettings = {
				ASSETCATALOG_COMPILER_APPICON_NAME = AppIcon;
				ASSETCATALOG_COMPILER_GLOBAL_ACCENT_COLOR_NAME = AccentColor;
				CODE_SIGN_STYLE = Automatic;
				CURRENT_PROJECT_VERSION = 1;
				DEVELOPMENT_ASSET_PATHS = "\"ios-logger/Preview Content\"";
				DEVELOPMENT_TEAM = J39U7B46S4;
				ENABLE_PREVIEWS = YES;
				GENERATE_INFOPLIST_FILE = YES;
				INFOPLIST_KEY_UIApplicationSceneManifest_Generation = YES;
				INFOPLIST_KEY_UIApplicationSupportsIndirectInputEvents = YES;
				INFOPLIST_KEY_UILaunchScreen_Generation = YES;
				INFOPLIST_KEY_UISupportedInterfaceOrientations_iPad = "UIInterfaceOrientationPortrait UIInterfaceOrientationPortraitUpsideDown UIInterfaceOrientationLandscapeLeft UIInterfaceOrientationLandscapeRight";
				INFOPLIST_KEY_UISupportedInterfaceOrientations_iPhone = "UIInterfaceOrientationPortrait UIInterfaceOrientationLandscapeLeft UIInterfaceOrientationLandscapeRight";
				LD_RUNPATH_SEARCH_PATHS = (
					"$(inherited)",
					"@executable_path/Frameworks",
				);
				MARKETING_VERSION = 1.0;
				PRODUCT_BUNDLE_IDENTIFIER = "tyler.ios-logger";
				PRODUCT_NAME = "$(TARGET_NAME)";
				SWIFT_EMIT_LOC_STRINGS = YES;
				SWIFT_VERSION = 5.0;
				TARGETED_DEVICE_FAMILY = "1,2";
			};
			name = Debug;
		};
		3C8BA70028D6678500ADE7DB /* Release */ = {
			isa = XCBuildConfiguration;
			buildSettings = {
				ASSETCATALOG_COMPILER_APPICON_NAME = AppIcon;
				ASSETCATALOG_COMPILER_GLOBAL_ACCENT_COLOR_NAME = AccentColor;
				CODE_SIGN_STYLE = Automatic;
				CURRENT_PROJECT_VERSION = 1;
				DEVELOPMENT_ASSET_PATHS = "\"ios-logger/Preview Content\"";
				DEVELOPMENT_TEAM = J39U7B46S4;
				ENABLE_PREVIEWS = YES;
				GENERATE_INFOPLIST_FILE = YES;
				INFOPLIST_KEY_UIApplicationSceneManifest_Generation = YES;
				INFOPLIST_KEY_UIApplicationSupportsIndirectInputEvents = YES;
				INFOPLIST_KEY_UILaunchScreen_Generation = YES;
				INFOPLIST_KEY_UISupportedInterfaceOrientations_iPad = "UIInterfaceOrientationPortrait UIInterfaceOrientationPortraitUpsideDown UIInterfaceOrientationLandscapeLeft UIInterfaceOrientationLandscapeRight";
				INFOPLIST_KEY_UISupportedInterfaceOrientations_iPhone = "UIInterfaceOrientationPortrait UIInterfaceOrientationLandscapeLeft UIInterfaceOrientationLandscapeRight";
				LD_RUNPATH_SEARCH_PATHS = (
					"$(inherited)",
					"@executable_path/Frameworks",
				);
				MARKETING_VERSION = 1.0;
				PRODUCT_BUNDLE_IDENTIFIER = "tyler.ios-logger";
				PRODUCT_NAME = "$(TARGET_NAME)";
				SWIFT_EMIT_LOC_STRINGS = YES;
				SWIFT_VERSION = 5.0;
				TARGETED_DEVICE_FAMILY = "1,2";
			};
			name = Release;
		};
		3C8BA70228D6678500ADE7DB /* Debug */ = {
			isa = XCBuildConfiguration;
			buildSettings = {
				ALWAYS_EMBED_SWIFT_STANDARD_LIBRARIES = YES;
				BUNDLE_LOADER = "$(TEST_HOST)";
				CODE_SIGN_STYLE = Automatic;
				CURRENT_PROJECT_VERSION = 1;
				GENERATE_INFOPLIST_FILE = YES;
				IPHONEOS_DEPLOYMENT_TARGET = 16.0;
				MARKETING_VERSION = 1.0;
				PRODUCT_BUNDLE_IDENTIFIER = "tyler.ios-loggerTests";
				PRODUCT_NAME = "$(TARGET_NAME)";
				SWIFT_EMIT_LOC_STRINGS = NO;
				SWIFT_VERSION = 5.0;
				TARGETED_DEVICE_FAMILY = "1,2";
				TEST_HOST = "$(BUILT_PRODUCTS_DIR)/ios-logger.app/$(BUNDLE_EXECUTABLE_FOLDER_PATH)/ios-logger";
			};
			name = Debug;
		};
		3C8BA70328D6678500ADE7DB /* Release */ = {
			isa = XCBuildConfiguration;
			buildSettings = {
				ALWAYS_EMBED_SWIFT_STANDARD_LIBRARIES = YES;
				BUNDLE_LOADER = "$(TEST_HOST)";
				CODE_SIGN_STYLE = Automatic;
				CURRENT_PROJECT_VERSION = 1;
				GENERATE_INFOPLIST_FILE = YES;
				IPHONEOS_DEPLOYMENT_TARGET = 16.0;
				MARKETING_VERSION = 1.0;
				PRODUCT_BUNDLE_IDENTIFIER = "tyler.ios-loggerTests";
				PRODUCT_NAME = "$(TARGET_NAME)";
				SWIFT_EMIT_LOC_STRINGS = NO;
				SWIFT_VERSION = 5.0;
				TARGETED_DEVICE_FAMILY = "1,2";
				TEST_HOST = "$(BUILT_PRODUCTS_DIR)/ios-logger.app/$(BUNDLE_EXECUTABLE_FOLDER_PATH)/ios-logger";
			};
			name = Release;
		};
		3C8BA70528D6678500ADE7DB /* Debug */ = {
			isa = XCBuildConfiguration;
			buildSettings = {
				ALWAYS_EMBED_SWIFT_STANDARD_LIBRARIES = YES;
				CODE_SIGN_STYLE = Automatic;
				CURRENT_PROJECT_VERSION = 1;
				GENERATE_INFOPLIST_FILE = YES;
				MARKETING_VERSION = 1.0;
				PRODUCT_BUNDLE_IDENTIFIER = "tyler.ios-loggerUITests";
				PRODUCT_NAME = "$(TARGET_NAME)";
				SWIFT_EMIT_LOC_STRINGS = NO;
				SWIFT_VERSION = 5.0;
				TARGETED_DEVICE_FAMILY = "1,2";
				TEST_TARGET_NAME = "ios-logger";
			};
			name = Debug;
		};
		3C8BA70628D6678500ADE7DB /* Release */ = {
			isa = XCBuildConfiguration;
			buildSettings = {
				ALWAYS_EMBED_SWIFT_STANDARD_LIBRARIES = YES;
				CODE_SIGN_STYLE = Automatic;
				CURRENT_PROJECT_VERSION = 1;
				GENERATE_INFOPLIST_FILE = YES;
				MARKETING_VERSION = 1.0;
				PRODUCT_BUNDLE_IDENTIFIER = "tyler.ios-loggerUITests";
				PRODUCT_NAME = "$(TARGET_NAME)";
				SWIFT_EMIT_LOC_STRINGS = NO;
				SWIFT_VERSION = 5.0;
				TARGETED_DEVICE_FAMILY = "1,2";
				TEST_TARGET_NAME = "ios-logger";
			};
			name = Release;
		};
/* End XCBuildConfiguration section */

/* Begin XCConfigurationList section */
		3C8BA6D028D6678400ADE7DB /* Build configuration list for PBXProject "ios-logger" */ = {
			isa = XCConfigurationList;
			buildConfigurations = (
				3C8BA6FC28D6678500ADE7DB /* Debug */,
				3C8BA6FD28D6678500ADE7DB /* Release */,
			);
			defaultConfigurationIsVisible = 0;
			defaultConfigurationName = Release;
		};
		3C8BA6FE28D6678500ADE7DB /* Build configuration list for PBXNativeTarget "ios-logger" */ = {
			isa = XCConfigurationList;
			buildConfigurations = (
				3C8BA6FF28D6678500ADE7DB /* Debug */,
				3C8BA70028D6678500ADE7DB /* Release */,
			);
			defaultConfigurationIsVisible = 0;
			defaultConfigurationName = Release;
		};
		3C8BA70128D6678500ADE7DB /* Build configuration list for PBXNativeTarget "ios-loggerTests" */ = {
			isa = XCConfigurationList;
			buildConfigurations = (
				3C8BA70228D6678500ADE7DB /* Debug */,
				3C8BA70328D6678500ADE7DB /* Release */,
			);
			defaultConfigurationIsVisible = 0;
			defaultConfigurationName = Release;
		};
		3C8BA70428D6678500ADE7DB /* Build configuration list for PBXNativeTarget "ios-loggerUITests" */ = {
			isa = XCConfigurationList;
			buildConfigurations = (
				3C8BA70528D6678500ADE7DB /* Debug */,
				3C8BA70628D6678500ADE7DB /* Release */,
			);
			defaultConfigurationIsVisible = 0;
			defaultConfigurationName = Release;
		};
/* End XCConfigurationList section */

/* Begin XCVersionGroup section */
		3C8BA6E328D6678500ADE7DB /* ios_logger.xcdatamodeld */ = {
			isa = XCVersionGroup;
			children = (
				3C8BA6E428D6678500ADE7DB /* ios_logger.xcdatamodel */,
			);
			currentVersion = 3C8BA6E428D6678500ADE7DB /* ios_logger.xcdatamodel */;
			path = ios_logger.xcdatamodeld;
			sourceTree = "<group>";
			versionGroupType = wrapper.xcdatamodel;
		};
/* End XCVersionGroup section */
	};
	rootObject = 3C8BA6CD28D6678400ADE7DB /* Project object */;
}
