// !$*UTF8*$!
{
	archiveVersion = 1;
	classes = {
	};
	objectVersion = 56;
	objects = {

/* Begin PBXBuildFile section */
		3C0F80B428E12FCB00753CB1 /* ToggleAtom.swift in Sources */ = {isa = PBXBuildFile; fileRef = 3C0F80B328E12FCB00753CB1 /* ToggleAtom.swift */; };
		3C0F80B628E1303D00753CB1 /* SensorItemModel.swift in Sources */ = {isa = PBXBuildFile; fileRef = 3C0F80B528E1303D00753CB1 /* SensorItemModel.swift */; };
		3C0F80B828E1339F00753CB1 /* ItemAtom.swift in Sources */ = {isa = PBXBuildFile; fileRef = 3C0F80B728E1339F00753CB1 /* ItemAtom.swift */; };
		3C0F80BA28E134B300753CB1 /* PickerAtom.swift in Sources */ = {isa = PBXBuildFile; fileRef = 3C0F80B928E134B300753CB1 /* PickerAtom.swift */; };
		3C0F80BC28E1352700753CB1 /* NavigationButtonAtom.swift in Sources */ = {isa = PBXBuildFile; fileRef = 3C0F80BB28E1352700753CB1 /* NavigationButtonAtom.swift */; };
		3C0F80BE28E1366100753CB1 /* LoggerPage.swift in Sources */ = {isa = PBXBuildFile; fileRef = 3C0F80BD28E1366100753CB1 /* LoggerPage.swift */; };
		3C0F80C028E1383400753CB1 /* PickerSetMolecule.swift in Sources */ = {isa = PBXBuildFile; fileRef = 3C0F80BF28E1383400753CB1 /* PickerSetMolecule.swift */; };
		3C0F80C228E1389C00753CB1 /* LoggerItemMolecule.swift in Sources */ = {isa = PBXBuildFile; fileRef = 3C0F80C128E1389C00753CB1 /* LoggerItemMolecule.swift */; };
		3C0F80C428E155D400753CB1 /* LoggerListOrganism.swift in Sources */ = {isa = PBXBuildFile; fileRef = 3C0F80C328E155D400753CB1 /* LoggerListOrganism.swift */; };
		3C0F80C628E1563200753CB1 /* PickersOrganism.swift in Sources */ = {isa = PBXBuildFile; fileRef = 3C0F80C528E1563200753CB1 /* PickersOrganism.swift */; };
		3C0F80C828E16AF800753CB1 /* LoggerTemplate.swift in Sources */ = {isa = PBXBuildFile; fileRef = 3C0F80C728E16AF800753CB1 /* LoggerTemplate.swift */; };
		3C0F80CA28E16C9100753CB1 /* ReadyPage.swift in Sources */ = {isa = PBXBuildFile; fileRef = 3C0F80C928E16C9100753CB1 /* ReadyPage.swift */; };
		3C0F80CC28E16CC400753CB1 /* ReadyTemplate.swift in Sources */ = {isa = PBXBuildFile; fileRef = 3C0F80CB28E16CC400753CB1 /* ReadyTemplate.swift */; };
		3C0F80CE28E16D5F00753CB1 /* DataPage.swift in Sources */ = {isa = PBXBuildFile; fileRef = 3C0F80CD28E16D5F00753CB1 /* DataPage.swift */; };
		3C0F80D128E16DB800753CB1 /* LabelsPage.swift in Sources */ = {isa = PBXBuildFile; fileRef = 3C0F80D028E16DB800753CB1 /* LabelsPage.swift */; };
		3C0F80D328E16E2200753CB1 /* RecordingPage.swift in Sources */ = {isa = PBXBuildFile; fileRef = 3C0F80D228E16E2200753CB1 /* RecordingPage.swift */; };
		3C0F80D528E17D7900753CB1 /* Altimeter.swift in Sources */ = {isa = PBXBuildFile; fileRef = 3C0F80D428E17D7900753CB1 /* Altimeter.swift */; };
		3C0F80D728E17DA500753CB1 /* LogManager.swift in Sources */ = {isa = PBXBuildFile; fileRef = 3C0F80D628E17DA500753CB1 /* LogManager.swift */; };
		3C0F80D928E17DD000753CB1 /* DateTimeManager.swift in Sources */ = {isa = PBXBuildFile; fileRef = 3C0F80D828E17DD000753CB1 /* DateTimeManager.swift */; };
		3C0F80DB28E17DFA00753CB1 /* RecordManager.swift in Sources */ = {isa = PBXBuildFile; fileRef = 3C0F80DA28E17DFA00753CB1 /* RecordManager.swift */; };
		3C0F80DD28E17E1900753CB1 /* ScreenBrightnessManager.swift in Sources */ = {isa = PBXBuildFile; fileRef = 3C0F80DC28E17E1900753CB1 /* ScreenBrightnessManager.swift */; };
		3C0F80DF28E17E8C00753CB1 /* FileView.swift in Sources */ = {isa = PBXBuildFile; fileRef = 3C0F80DE28E17E8C00753CB1 /* FileView.swift */; };
		3C0F80E128E17EB100753CB1 /* FileManager.swift in Sources */ = {isa = PBXBuildFile; fileRef = 3C0F80E028E17EB100753CB1 /* FileManager.swift */; };
		3C0F80E328E17EE200753CB1 /* UIActivityModal.swift in Sources */ = {isa = PBXBuildFile; fileRef = 3C0F80E228E17EE200753CB1 /* UIActivityModal.swift */; };
		3C35BD5728E00980001795A1 /* TitleAtom.swift in Sources */ = {isa = PBXBuildFile; fileRef = 3C35BD5628E00980001795A1 /* TitleAtom.swift */; };
		3C8BA6D928D6678400ADE7DB /* ios_loggerApp.swift in Sources */ = {isa = PBXBuildFile; fileRef = 3C8BA6D828D6678400ADE7DB /* ios_loggerApp.swift */; };
		3C8BA6DB28D6678400ADE7DB /* ContentView.swift in Sources */ = {isa = PBXBuildFile; fileRef = 3C8BA6DA28D6678400ADE7DB /* ContentView.swift */; };
		3C8BA6DD28D6678500ADE7DB /* Assets.xcassets in Resources */ = {isa = PBXBuildFile; fileRef = 3C8BA6DC28D6678500ADE7DB /* Assets.xcassets */; };
		3C8BA6E028D6678500ADE7DB /* Preview Assets.xcassets in Resources */ = {isa = PBXBuildFile; fileRef = 3C8BA6DF28D6678500ADE7DB /* Preview Assets.xcassets */; };
		3C8BA6E228D6678500ADE7DB /* Persistence.swift in Sources */ = {isa = PBXBuildFile; fileRef = 3C8BA6E128D6678500ADE7DB /* Persistence.swift */; };
		3C8BA6E528D6678500ADE7DB /* ios_logger.xcdatamodeld in Sources */ = {isa = PBXBuildFile; fileRef = 3C8BA6E328D6678500ADE7DB /* ios_logger.xcdatamodeld */; };
		3C8BA6EF28D6678500ADE7DB /* ios_loggerTests.swift in Sources */ = {isa = PBXBuildFile; fileRef = 3C8BA6EE28D6678500ADE7DB /* ios_loggerTests.swift */; };
		3C8BA6F928D6678500ADE7DB /* ios_loggerUITests.swift in Sources */ = {isa = PBXBuildFile; fileRef = 3C8BA6F828D6678500ADE7DB /* ios_loggerUITests.swift */; };
		3C8BA6FB28D6678500ADE7DB /* ios_loggerUITestsLaunchTests.swift in Sources */ = {isa = PBXBuildFile; fileRef = 3C8BA6FA28D6678500ADE7DB /* ios_loggerUITestsLaunchTests.swift */; };
/* End PBXBuildFile section */

/* Begin PBXContainerItemProxy section */
		3C8BA6EB28D6678500ADE7DB /* PBXContainerItemProxy */ = {
			isa = PBXContainerItemProxy;
			containerPortal = 3C8BA6CD28D6678400ADE7DB /* Project object */;
			proxyType = 1;
			remoteGlobalIDString = 3C8BA6D428D6678400ADE7DB;
			remoteInfo = "ios-logger";
		};
		3C8BA6F528D6678500ADE7DB /* PBXContainerItemProxy */ = {
			isa = PBXContainerItemProxy;
			containerPortal = 3C8BA6CD28D6678400ADE7DB /* Project object */;
			proxyType = 1;
			remoteGlobalIDString = 3C8BA6D428D6678400ADE7DB;
			remoteInfo = "ios-logger";
		};
/* End PBXContainerItemProxy section */

/* Begin PBXFileReference section */
		3C0F80B328E12FCB00753CB1 /* ToggleAtom.swift */ = {isa = PBXFileReference; lastKnownFileType = sourcecode.swift; path = ToggleAtom.swift; sourceTree = "<group>"; };
		3C0F80B528E1303D00753CB1 /* SensorItemModel.swift */ = {isa = PBXFileReference; lastKnownFileType = sourcecode.swift; path = SensorItemModel.swift; sourceTree = "<group>"; };
		3C0F80B728E1339F00753CB1 /* ItemAtom.swift */ = {isa = PBXFileReference; lastKnownFileType = sourcecode.swift; path = ItemAtom.swift; sourceTree = "<group>"; };
		3C0F80B928E134B300753CB1 /* PickerAtom.swift */ = {isa = PBXFileReference; lastKnownFileType = sourcecode.swift; path = PickerAtom.swift; sourceTree = "<group>"; };
		3C0F80BB28E1352700753CB1 /* NavigationButtonAtom.swift */ = {isa = PBXFileReference; lastKnownFileType = sourcecode.swift; path = NavigationButtonAtom.swift; sourceTree = "<group>"; };
		3C0F80BD28E1366100753CB1 /* LoggerPage.swift */ = {isa = PBXFileReference; lastKnownFileType = sourcecode.swift; path = LoggerPage.swift; sourceTree = "<group>"; };
		3C0F80BF28E1383400753CB1 /* PickerSetMolecule.swift */ = {isa = PBXFileReference; lastKnownFileType = sourcecode.swift; path = PickerSetMolecule.swift; sourceTree = "<group>"; };
		3C0F80C128E1389C00753CB1 /* LoggerItemMolecule.swift */ = {isa = PBXFileReference; lastKnownFileType = sourcecode.swift; path = LoggerItemMolecule.swift; sourceTree = "<group>"; };
		3C0F80C328E155D400753CB1 /* LoggerListOrganism.swift */ = {isa = PBXFileReference; lastKnownFileType = sourcecode.swift; path = LoggerListOrganism.swift; sourceTree = "<group>"; };
		3C0F80C528E1563200753CB1 /* PickersOrganism.swift */ = {isa = PBXFileReference; lastKnownFileType = sourcecode.swift; path = PickersOrganism.swift; sourceTree = "<group>"; };
		3C0F80C728E16AF800753CB1 /* LoggerTemplate.swift */ = {isa = PBXFileReference; lastKnownFileType = sourcecode.swift; path = LoggerTemplate.swift; sourceTree = "<group>"; };
		3C0F80C928E16C9100753CB1 /* ReadyPage.swift */ = {isa = PBXFileReference; lastKnownFileType = sourcecode.swift; path = ReadyPage.swift; sourceTree = "<group>"; };
		3C0F80CB28E16CC400753CB1 /* ReadyTemplate.swift */ = {isa = PBXFileReference; lastKnownFileType = sourcecode.swift; path = ReadyTemplate.swift; sourceTree = "<group>"; };
		3C0F80CD28E16D5F00753CB1 /* DataPage.swift */ = {isa = PBXFileReference; lastKnownFileType = sourcecode.swift; path = DataPage.swift; sourceTree = "<group>"; };
		3C0F80D028E16DB800753CB1 /* LabelsPage.swift */ = {isa = PBXFileReference; lastKnownFileType = sourcecode.swift; path = LabelsPage.swift; sourceTree = "<group>"; };
		3C0F80D228E16E2200753CB1 /* RecordingPage.swift */ = {isa = PBXFileReference; lastKnownFileType = sourcecode.swift; path = RecordingPage.swift; sourceTree = "<group>"; };
		3C0F80D428E17D7900753CB1 /* Altimeter.swift */ = {isa = PBXFileReference; lastKnownFileType = sourcecode.swift; path = Altimeter.swift; sourceTree = "<group>"; };
		3C0F80D628E17DA500753CB1 /* LogManager.swift */ = {isa = PBXFileReference; lastKnownFileType = sourcecode.swift; path = LogManager.swift; sourceTree = "<group>"; };
		3C0F80D828E17DD000753CB1 /* DateTimeManager.swift */ = {isa = PBXFileReference; lastKnownFileType = sourcecode.swift; path = DateTimeManager.swift; sourceTree = "<group>"; };
		3C0F80DA28E17DFA00753CB1 /* RecordManager.swift */ = {isa = PBXFileReference; lastKnownFileType = sourcecode.swift; path = RecordManager.swift; sourceTree = "<group>"; };
		3C0F80DC28E17E1900753CB1 /* ScreenBrightnessManager.swift */ = {isa = PBXFileReference; lastKnownFileType = sourcecode.swift; path = ScreenBrightnessManager.swift; sourceTree = "<group>"; };
		3C0F80DE28E17E8C00753CB1 /* FileView.swift */ = {isa = PBXFileReference; lastKnownFileType = sourcecode.swift; path = FileView.swift; sourceTree = "<group>"; };
		3C0F80E028E17EB100753CB1 /* FileManager.swift */ = {isa = PBXFileReference; lastKnownFileType = sourcecode.swift; path = FileManager.swift; sourceTree = "<group>"; };
		3C0F80E228E17EE200753CB1 /* UIActivityModal.swift */ = {isa = PBXFileReference; lastKnownFileType = sourcecode.swift; path = UIActivityModal.swift; sourceTree = "<group>"; };
		3C35BD5628E00980001795A1 /* TitleAtom.swift */ = {isa = PBXFileReference; lastKnownFileType = sourcecode.swift; path = TitleAtom.swift; sourceTree = "<group>"; };
		3C8BA6D528D6678400ADE7DB /* ios-logger.app */ = {isa = PBXFileReference; explicitFileType = wrapper.application; includeInIndex = 0; path = "ios-logger.app"; sourceTree = BUILT_PRODUCTS_DIR; };
		3C8BA6D828D6678400ADE7DB /* ios_loggerApp.swift */ = {isa = PBXFileReference; lastKnownFileType = sourcecode.swift; path = ios_loggerApp.swift; sourceTree = "<group>"; };
		3C8BA6DA28D6678400ADE7DB /* ContentView.swift */ = {isa = PBXFileReference; lastKnownFileType = sourcecode.swift; path = ContentView.swift; sourceTree = "<group>"; };
		3C8BA6DC28D6678500ADE7DB /* Assets.xcassets */ = {isa = PBXFileReference; lastKnownFileType = folder.assetcatalog; path = Assets.xcassets; sourceTree = "<group>"; };
		3C8BA6DF28D6678500ADE7DB /* Preview Assets.xcassets */ = {isa = PBXFileReference; lastKnownFileType = folder.assetcatalog; path = "Preview Assets.xcassets"; sourceTree = "<group>"; };
		3C8BA6E128D6678500ADE7DB /* Persistence.swift */ = {isa = PBXFileReference; lastKnownFileType = sourcecode.swift; path = Persistence.swift; sourceTree = "<group>"; };
		3C8BA6E428D6678500ADE7DB /* ios_logger.xcdatamodel */ = {isa = PBXFileReference; lastKnownFileType = wrapper.xcdatamodel; path = ios_logger.xcdatamodel; sourceTree = "<group>"; };
		3C8BA6EA28D6678500ADE7DB /* ios-loggerTests.xctest */ = {isa = PBXFileReference; explicitFileType = wrapper.cfbundle; includeInIndex = 0; path = "ios-loggerTests.xctest"; sourceTree = BUILT_PRODUCTS_DIR; };
		3C8BA6EE28D6678500ADE7DB /* ios_loggerTests.swift */ = {isa = PBXFileReference; lastKnownFileType = sourcecode.swift; path = ios_loggerTests.swift; sourceTree = "<group>"; };
		3C8BA6F428D6678500ADE7DB /* ios-loggerUITests.xctest */ = {isa = PBXFileReference; explicitFileType = wrapper.cfbundle; includeInIndex = 0; path = "ios-loggerUITests.xctest"; sourceTree = BUILT_PRODUCTS_DIR; };
		3C8BA6F828D6678500ADE7DB /* ios_loggerUITests.swift */ = {isa = PBXFileReference; lastKnownFileType = sourcecode.swift; path = ios_loggerUITests.swift; sourceTree = "<group>"; };
		3C8BA6FA28D6678500ADE7DB /* ios_loggerUITestsLaunchTests.swift */ = {isa = PBXFileReference; lastKnownFileType = sourcecode.swift; path = ios_loggerUITestsLaunchTests.swift; sourceTree = "<group>"; };
/* End PBXFileReference section */

/* Begin PBXFrameworksBuildPhase section */
		3C8BA6D228D6678400ADE7DB /* Frameworks */ = {
			isa = PBXFrameworksBuildPhase;
			buildActionMask = 2147483647;
			files = (
			);
			runOnlyForDeploymentPostprocessing = 0;
		};
		3C8BA6E728D6678500ADE7DB /* Frameworks */ = {
			isa = PBXFrameworksBuildPhase;
			buildActionMask = 2147483647;
			files = (
			);
			runOnlyForDeploymentPostprocessing = 0;
		};
		3C8BA6F128D6678500ADE7DB /* Frameworks */ = {
			isa = PBXFrameworksBuildPhase;
			buildActionMask = 2147483647;
			files = (
			);
			runOnlyForDeploymentPostprocessing = 0;
		};
/* End PBXFrameworksBuildPhase section */

/* Begin PBXGroup section */
		3C35BD4728E001B2001795A1 /* Views */ = {
			isa = PBXGroup;
			children = (
				3C35BD5328E00316001795A1 /* Logger */,
				3C35BD5528E005F0001795A1 /* Labels */,
				3C35BD4D28E00296001795A1 /* Data */,
				3C35BD4F28E002B3001795A1 /* Settings */,
				3C35BD5028E002C0001795A1 /* Pages */,
				3C35BD4E28E002A1001795A1 /* Templates */,
				3C35BD5128E002C9001795A1 /* Organisms */,
				3C35BD5228E00305001795A1 /* Molecules */,
				3C35BD4C28E00286001795A1 /* Atoms */,
			);
			path = Views;
			sourceTree = "<group>";
		};
		3C35BD4828E001CC001795A1 /* Cores */ = {
			isa = PBXGroup;
			children = (
				3C0F80D428E17D7900753CB1 /* Altimeter.swift */,
				3C0F80D628E17DA500753CB1 /* LogManager.swift */,
				3C0F80D828E17DD000753CB1 /* DateTimeManager.swift */,
				3C0F80DA28E17DFA00753CB1 /* RecordManager.swift */,
				3C0F80DC28E17E1900753CB1 /* ScreenBrightnessManager.swift */,
			);
			path = Cores;
			sourceTree = "<group>";
		};
		3C35BD4928E001E2001795A1 /* Models */ = {
			isa = PBXGroup;
			children = (
				3C0F80B528E1303D00753CB1 /* SensorItemModel.swift */,
			);
			path = Models;
			sourceTree = "<group>";
		};
		3C35BD4B28E00227001795A1 /* Utils */ = {
			isa = PBXGroup;
			children = (
				3C0F80E028E17EB100753CB1 /* FileManager.swift */,
				3C0F80E228E17EE200753CB1 /* UIActivityModal.swift */,
			);
			path = Utils;
			sourceTree = "<group>";
		};
		3C35BD4C28E00286001795A1 /* Atoms */ = {
			isa = PBXGroup;
			children = (
				3C35BD5628E00980001795A1 /* TitleAtom.swift */,
				3C0F80B728E1339F00753CB1 /* ItemAtom.swift */,
				3C0F80B328E12FCB00753CB1 /* ToggleAtom.swift */,
				3C0F80BB28E1352700753CB1 /* NavigationButtonAtom.swift */,
				3C0F80B928E134B300753CB1 /* PickerAtom.swift */,
			);
			path = Atoms;
			sourceTree = "<group>";
		};
		3C35BD4D28E00296001795A1 /* Data */ = {
			isa = PBXGroup;
			children = (
				3C0F80DE28E17E8C00753CB1 /* FileView.swift */,
			);
			path = Data;
			sourceTree = "<group>";
		};
		3C35BD4E28E002A1001795A1 /* Templates */ = {
			isa = PBXGroup;
			children = (
				3C0F80C728E16AF800753CB1 /* LoggerTemplate.swift */,
				3C0F80CB28E16CC400753CB1 /* ReadyTemplate.swift */,
			);
			path = Templates;
			sourceTree = "<group>";
		};
		3C35BD4F28E002B3001795A1 /* Settings */ = {
			isa = PBXGroup;
			children = (
			);
			path = Settings;
			sourceTree = "<group>";
		};
		3C35BD5028E002C0001795A1 /* Pages */ = {
			isa = PBXGroup;
			children = (
				3C8BA6DA28D6678400ADE7DB /* ContentView.swift */,
				3C0F80BD28E1366100753CB1 /* LoggerPage.swift */,
				3C0F80D028E16DB800753CB1 /* LabelsPage.swift */,
				3C0F80C928E16C9100753CB1 /* ReadyPage.swift */,
				3C0F80CD28E16D5F00753CB1 /* DataPage.swift */,
				3C0F80D228E16E2200753CB1 /* RecordingPage.swift */,
			);
			path = Pages;
			sourceTree = "<group>";
		};
		3C35BD5128E002C9001795A1 /* Organisms */ = {
			isa = PBXGroup;
			children = (
				3C0F80C328E155D400753CB1 /* LoggerListOrganism.swift */,
				3C0F80C528E1563200753CB1 /* PickersOrganism.swift */,
			);
			path = Organisms;
			sourceTree = "<group>";
		};
		3C35BD5228E00305001795A1 /* Molecules */ = {
			isa = PBXGroup;
			children = (
				3C0F80BF28E1383400753CB1 /* PickerSetMolecule.swift */,
				3C0F80C128E1389C00753CB1 /* LoggerItemMolecule.swift */,
			);
			path = Molecules;
			sourceTree = "<group>";
		};
		3C35BD5328E00316001795A1 /* Logger */ = {
			isa = PBXGroup;
			children = (
			);
			path = Logger;
			sourceTree = "<group>";
		};
		3C35BD5528E005F0001795A1 /* Labels */ = {
			isa = PBXGroup;
			children = (
			);
			path = Labels;
			sourceTree = "<group>";
		};
		3C8BA6CC28D6678400ADE7DB = {
			isa = PBXGroup;
			children = (
				3C8BA6D728D6678400ADE7DB /* ios-logger */,
				3C8BA6ED28D6678500ADE7DB /* ios-loggerTests */,
				3C8BA6F728D6678500ADE7DB /* ios-loggerUITests */,
				3C8BA6D628D6678400ADE7DB /* Products */,
			);
			sourceTree = "<group>";
		};
		3C8BA6D628D6678400ADE7DB /* Products */ = {
			isa = PBXGroup;
			children = (
				3C8BA6D528D6678400ADE7DB /* ios-logger.app */,
				3C8BA6EA28D6678500ADE7DB /* ios-loggerTests.xctest */,
				3C8BA6F428D6678500ADE7DB /* ios-loggerUITests.xctest */,
			);
			name = Products;
			sourceTree = "<group>";
		};
		3C8BA6D728D6678400ADE7DB /* ios-logger */ = {
			isa = PBXGroup;
			children = (
				3C35BD4828E001CC001795A1 /* Cores */,
				3C35BD4928E001E2001795A1 /* Models */,
				3C35BD4728E001B2001795A1 /* Views */,
				3C35BD4B28E00227001795A1 /* Utils */,
				3C8BA6D828D6678400ADE7DB /* ios_loggerApp.swift */,
				3C8BA6DC28D6678500ADE7DB /* Assets.xcassets */,
				3C8BA6E128D6678500ADE7DB /* Persistence.swift */,
				3C8BA6E328D6678500ADE7DB /* ios_logger.xcdatamodeld */,
				3C8BA6DE28D6678500ADE7DB /* Preview Content */,
			);
			path = "ios-logger";
			sourceTree = "<group>";
		};
		3C8BA6DE28D6678500ADE7DB /* Preview Content */ = {
			isa = PBXGroup;
			children = (
				3C8BA6DF28D6678500ADE7DB /* Preview Assets.xcassets */,
			);
			path = "Preview Content";
			sourceTree = "<group>";
		};
		3C8BA6ED28D6678500ADE7DB /* ios-loggerTests */ = {
			isa = PBXGroup;
			children = (
				3C8BA6EE28D6678500ADE7DB /* ios_loggerTests.swift */,
			);
			path = "ios-loggerTests";
			sourceTree = "<group>";
		};
		3C8BA6F728D6678500ADE7DB /* ios-loggerUITests */ = {
			isa = PBXGroup;
			children = (
				3C8BA6F828D6678500ADE7DB /* ios_loggerUITests.swift */,
				3C8BA6FA28D6678500ADE7DB /* ios_loggerUITestsLaunchTests.swift */,
			);
			path = "ios-loggerUITests";
			sourceTree = "<group>";
		};
/* End PBXGroup section */

/* Begin PBXNativeTarget section */
		3C8BA6D428D6678400ADE7DB /* ios-logger */ = {
			isa = PBXNativeTarget;
			buildConfigurationList = 3C8BA6FE28D6678500ADE7DB /* Build configuration list for PBXNativeTarget "ios-logger" */;
			buildPhases = (
				3C8BA6D128D6678400ADE7DB /* Sources */,
				3C8BA6D228D6678400ADE7DB /* Frameworks */,
				3C8BA6D328D6678400ADE7DB /* Resources */,
			);
			buildRules = (
			);
			dependencies = (
			);
			name = "ios-logger";
			productName = "ios-logger";
			productReference = 3C8BA6D528D6678400ADE7DB /* ios-logger.app */;
			productType = "com.apple.product-type.application";
		};
		3C8BA6E928D6678500ADE7DB /* ios-loggerTests */ = {
			isa = PBXNativeTarget;
			buildConfigurationList = 3C8BA70128D6678500ADE7DB /* Build configuration list for PBXNativeTarget "ios-loggerTests" */;
			buildPhases = (
				3C8BA6E628D6678500ADE7DB /* Sources */,
				3C8BA6E728D6678500ADE7DB /* Frameworks */,
				3C8BA6E828D6678500ADE7DB /* Resources */,
			);
			buildRules = (
			);
			dependencies = (
				3C8BA6EC28D6678500ADE7DB /* PBXTargetDependency */,
			);
			name = "ios-loggerTests";
			productName = "ios-loggerTests";
			productReference = 3C8BA6EA28D6678500ADE7DB /* ios-loggerTests.xctest */;
			productType = "com.apple.product-type.bundle.unit-test";
		};
		3C8BA6F328D6678500ADE7DB /* ios-loggerUITests */ = {
			isa = PBXNativeTarget;
			buildConfigurationList = 3C8BA70428D6678500ADE7DB /* Build configuration list for PBXNativeTarget "ios-loggerUITests" */;
			buildPhases = (
				3C8BA6F028D6678500ADE7DB /* Sources */,
				3C8BA6F128D6678500ADE7DB /* Frameworks */,
				3C8BA6F228D6678500ADE7DB /* Resources */,
			);
			buildRules = (
			);
			dependencies = (
				3C8BA6F628D6678500ADE7DB /* PBXTargetDependency */,
			);
			name = "ios-loggerUITests";
			productName = "ios-loggerUITests";
			productReference = 3C8BA6F428D6678500ADE7DB /* ios-loggerUITests.xctest */;
			productType = "com.apple.product-type.bundle.ui-testing";
		};
/* End PBXNativeTarget section */

/* Begin PBXProject section */
		3C8BA6CD28D6678400ADE7DB /* Project object */ = {
			isa = PBXProject;
			attributes = {
				BuildIndependentTargetsInParallel = 1;
				LastSwiftUpdateCheck = 1400;
				LastUpgradeCheck = 1400;
				TargetAttributes = {
					3C8BA6D428D6678400ADE7DB = {
						CreatedOnToolsVersion = 14.0;
					};
					3C8BA6E928D6678500ADE7DB = {
						CreatedOnToolsVersion = 14.0;
						TestTargetID = 3C8BA6D428D6678400ADE7DB;
					};
					3C8BA6F328D6678500ADE7DB = {
						CreatedOnToolsVersion = 14.0;
						TestTargetID = 3C8BA6D428D6678400ADE7DB;
					};
				};
			};
			buildConfigurationList = 3C8BA6D028D6678400ADE7DB /* Build configuration list for PBXProject "ios-logger" */;
			compatibilityVersion = "Xcode 14.0";
			developmentRegion = en;
			hasScannedForEncodings = 0;
			knownRegions = (
				en,
				Base,
			);
			mainGroup = 3C8BA6CC28D6678400ADE7DB;
			productRefGroup = 3C8BA6D628D6678400ADE7DB /* Products */;
			projectDirPath = "";
			projectRoot = "";
			targets = (
				3C8BA6D428D6678400ADE7DB /* ios-logger */,
				3C8BA6E928D6678500ADE7DB /* ios-loggerTests */,
				3C8BA6F328D6678500ADE7DB /* ios-loggerUITests */,
			);
		};
/* End PBXProject section */

/* Begin PBXResourcesBuildPhase section */
		3C8BA6D328D6678400ADE7DB /* Resources */ = {
			isa = PBXResourcesBuildPhase;
			buildActionMask = 2147483647;
			files = (
				3C8BA6E028D6678500ADE7DB /* Preview Assets.xcassets in Resources */,
				3C8BA6DD28D6678500ADE7DB /* Assets.xcassets in Resources */,
			);
			runOnlyForDeploymentPostprocessing = 0;
		};
		3C8BA6E828D6678500ADE7DB /* Resources */ = {
			isa = PBXResourcesBuildPhase;
			buildActionMask = 2147483647;
			files = (
			);
			runOnlyForDeploymentPostprocessing = 0;
		};
		3C8BA6F228D6678500ADE7DB /* Resources */ = {
			isa = PBXResourcesBuildPhase;
			buildActionMask = 2147483647;
			files = (
			);
			runOnlyForDeploymentPostprocessing = 0;
		};
/* End PBXResourcesBuildPhase section */

/* Begin PBXSourcesBuildPhase section */
		3C8BA6D128D6678400ADE7DB /* Sources */ = {
			isa = PBXSourcesBuildPhase;
			buildActionMask = 2147483647;
			files = (
				3C0F80B628E1303D00753CB1 /* SensorItemModel.swift in Sources */,
				3C0F80D728E17DA500753CB1 /* LogManager.swift in Sources */,
				3C8BA6E228D6678500ADE7DB /* Persistence.swift in Sources */,
				3C0F80E128E17EB100753CB1 /* FileManager.swift in Sources */,
				3C0F80BC28E1352700753CB1 /* NavigationButtonAtom.swift in Sources */,
				3C0F80CA28E16C9100753CB1 /* ReadyPage.swift in Sources */,
				3C0F80BA28E134B300753CB1 /* PickerAtom.swift in Sources */,
				3C8BA6E528D6678500ADE7DB /* ios_logger.xcdatamodeld in Sources */,
				3C0F80B828E1339F00753CB1 /* ItemAtom.swift in Sources */,
				3C8BA6DB28D6678400ADE7DB /* ContentView.swift in Sources */,
				3C0F80CC28E16CC400753CB1 /* ReadyTemplate.swift in Sources */,
				3C0F80C028E1383400753CB1 /* PickerSetMolecule.swift in Sources */,
				3C0F80C628E1563200753CB1 /* PickersOrganism.swift in Sources */,
				3C0F80C228E1389C00753CB1 /* LoggerItemMolecule.swift in Sources */,
				3C0F80C828E16AF800753CB1 /* LoggerTemplate.swift in Sources */,
				3C0F80BE28E1366100753CB1 /* LoggerPage.swift in Sources */,
				3C0F80DF28E17E8C00753CB1 /* FileView.swift in Sources */,
				3C0F80C428E155D400753CB1 /* LoggerListOrganism.swift in Sources */,
				3C0F80D928E17DD000753CB1 /* DateTimeManager.swift in Sources */,
				3C0F80D128E16DB800753CB1 /* LabelsPage.swift in Sources */,
				3C0F80DD28E17E1900753CB1 /* ScreenBrightnessManager.swift in Sources */,
				3C0F80CE28E16D5F00753CB1 /* DataPage.swift in Sources */,
				3C0F80E328E17EE200753CB1 /* UIActivityModal.swift in Sources */,
				3C8BA6D928D6678400ADE7DB /* ios_loggerApp.swift in Sources */,
				3C0F80B428E12FCB00753CB1 /* ToggleAtom.swift in Sources */,
				3C0F80D528E17D7900753CB1 /* Altimeter.swift in Sources */,
				3C35BD5728E00980001795A1 /* TitleAtom.swift in Sources */,
				3C0F80DB28E17DFA00753CB1 /* RecordManager.swift in Sources */,
				3C0F80D328E16E2200753CB1 /* RecordingPage.swift in Sources */,
			);
			runOnlyForDeploymentPostprocessing = 0;
		};
		3C8BA6E628D6678500ADE7DB /* Sources */ = {
			isa = PBXSourcesBuildPhase;
			buildActionMask = 2147483647;
			files = (
				3C8BA6EF28D6678500ADE7DB /* ios_loggerTests.swift in Sources */,
			);
			runOnlyForDeploymentPostprocessing = 0;
		};
		3C8BA6F028D6678500ADE7DB /* Sources */ = {
			isa = PBXSourcesBuildPhase;
			buildActionMask = 2147483647;
			files = (
				3C8BA6FB28D6678500ADE7DB /* ios_loggerUITestsLaunchTests.swift in Sources */,
				3C8BA6F928D6678500ADE7DB /* ios_loggerUITests.swift in Sources */,
			);
			runOnlyForDeploymentPostprocessing = 0;
		};
/* End PBXSourcesBuildPhase section */

/* Begin PBXTargetDependency section */
		3C8BA6EC28D6678500ADE7DB /* PBXTargetDependency */ = {
			isa = PBXTargetDependency;
			target = 3C8BA6D428D6678400ADE7DB /* ios-logger */;
			targetProxy = 3C8BA6EB28D6678500ADE7DB /* PBXContainerItemProxy */;
		};
		3C8BA6F628D6678500ADE7DB /* PBXTargetDependency */ = {
			isa = PBXTargetDependency;
			target = 3C8BA6D428D6678400ADE7DB /* ios-logger */;
			targetProxy = 3C8BA6F528D6678500ADE7DB /* PBXContainerItemProxy */;
		};
/* End PBXTargetDependency section */

/* Begin XCBuildConfiguration section */
		3C8BA6FC28D6678500ADE7DB /* Debug */ = {
			isa = XCBuildConfiguration;
			buildSettings = {
				ALWAYS_SEARCH_USER_PATHS = NO;
				CLANG_ANALYZER_NONNULL = YES;
				CLANG_ANALYZER_NUMBER_OBJECT_CONVERSION = YES_AGGRESSIVE;
				CLANG_CXX_LANGUAGE_STANDARD = "gnu++20";
				CLANG_ENABLE_MODULES = YES;
				CLANG_ENABLE_OBJC_ARC = YES;
				CLANG_ENABLE_OBJC_WEAK = YES;
				CLANG_WARN_BLOCK_CAPTURE_AUTORELEASING = YES;
				CLANG_WARN_BOOL_CONVERSION = YES;
				CLANG_WARN_COMMA = YES;
				CLANG_WARN_CONSTANT_CONVERSION = YES;
				CLANG_WARN_DEPRECATED_OBJC_IMPLEMENTATIONS = YES;
				CLANG_WARN_DIRECT_OBJC_ISA_USAGE = YES_ERROR;
				CLANG_WARN_DOCUMENTATION_COMMENTS = YES;
				CLANG_WARN_EMPTY_BODY = YES;
				CLANG_WARN_ENUM_CONVERSION = YES;
				CLANG_WARN_INFINITE_RECURSION = YES;
				CLANG_WARN_INT_CONVERSION = YES;
				CLANG_WARN_NON_LITERAL_NULL_CONVERSION = YES;
				CLANG_WARN_OBJC_IMPLICIT_RETAIN_SELF = YES;
				CLANG_WARN_OBJC_LITERAL_CONVERSION = YES;
				CLANG_WARN_OBJC_ROOT_CLASS = YES_ERROR;
				CLANG_WARN_QUOTED_INCLUDE_IN_FRAMEWORK_HEADER = YES;
				CLANG_WARN_RANGE_LOOP_ANALYSIS = YES;
				CLANG_WARN_STRICT_PROTOTYPES = YES;
				CLANG_WARN_SUSPICIOUS_MOVE = YES;
				CLANG_WARN_UNGUARDED_AVAILABILITY = YES_AGGRESSIVE;
				CLANG_WARN_UNREACHABLE_CODE = YES;
				CLANG_WARN__DUPLICATE_METHOD_MATCH = YES;
				COPY_PHASE_STRIP = NO;
				DEBUG_INFORMATION_FORMAT = dwarf;
				ENABLE_STRICT_OBJC_MSGSEND = YES;
				ENABLE_TESTABILITY = YES;
				GCC_C_LANGUAGE_STANDARD = gnu11;
				GCC_DYNAMIC_NO_PIC = NO;
				GCC_NO_COMMON_BLOCKS = YES;
				GCC_OPTIMIZATION_LEVEL = 0;
				GCC_PREPROCESSOR_DEFINITIONS = (
					"DEBUG=1",
					"$(inherited)",
				);
				GCC_WARN_64_TO_32_BIT_CONVERSION = YES;
				GCC_WARN_ABOUT_RETURN_TYPE = YES_ERROR;
				GCC_WARN_UNDECLARED_SELECTOR = YES;
				GCC_WARN_UNINITIALIZED_AUTOS = YES_AGGRESSIVE;
				GCC_WARN_UNUSED_FUNCTION = YES;
				GCC_WARN_UNUSED_VARIABLE = YES;
				IPHONEOS_DEPLOYMENT_TARGET = 16.0;
				MTL_ENABLE_DEBUG_INFO = INCLUDE_SOURCE;
				MTL_FAST_MATH = YES;
				ONLY_ACTIVE_ARCH = YES;
				SDKROOT = iphoneos;
				SWIFT_ACTIVE_COMPILATION_CONDITIONS = DEBUG;
				SWIFT_OPTIMIZATION_LEVEL = "-Onone";
			};
			name = Debug;
		};
		3C8BA6FD28D6678500ADE7DB /* Release */ = {
			isa = XCBuildConfiguration;
			buildSettings = {
				ALWAYS_SEARCH_USER_PATHS = NO;
				CLANG_ANALYZER_NONNULL = YES;
				CLANG_ANALYZER_NUMBER_OBJECT_CONVERSION = YES_AGGRESSIVE;
				CLANG_CXX_LANGUAGE_STANDARD = "gnu++20";
				CLANG_ENABLE_MODULES = YES;
				CLANG_ENABLE_OBJC_ARC = YES;
				CLANG_ENABLE_OBJC_WEAK = YES;
				CLANG_WARN_BLOCK_CAPTURE_AUTORELEASING = YES;
				CLANG_WARN_BOOL_CONVERSION = YES;
				CLANG_WARN_COMMA = YES;
				CLANG_WARN_CONSTANT_CONVERSION = YES;
				CLANG_WARN_DEPRECATED_OBJC_IMPLEMENTATIONS = YES;
				CLANG_WARN_DIRECT_OBJC_ISA_USAGE = YES_ERROR;
				CLANG_WARN_DOCUMENTATION_COMMENTS = YES;
				CLANG_WARN_EMPTY_BODY = YES;
				CLANG_WARN_ENUM_CONVERSION = YES;
				CLANG_WARN_INFINITE_RECURSION = YES;
				CLANG_WARN_INT_CONVERSION = YES;
				CLANG_WARN_NON_LITERAL_NULL_CONVERSION = YES;
				CLANG_WARN_OBJC_IMPLICIT_RETAIN_SELF = YES;
				CLANG_WARN_OBJC_LITERAL_CONVERSION = YES;
				CLANG_WARN_OBJC_ROOT_CLASS = YES_ERROR;
				CLANG_WARN_QUOTED_INCLUDE_IN_FRAMEWORK_HEADER = YES;
				CLANG_WARN_RANGE_LOOP_ANALYSIS = YES;
				CLANG_WARN_STRICT_PROTOTYPES = YES;
				CLANG_WARN_SUSPICIOUS_MOVE = YES;
				CLANG_WARN_UNGUARDED_AVAILABILITY = YES_AGGRESSIVE;
				CLANG_WARN_UNREACHABLE_CODE = YES;
				CLANG_WARN__DUPLICATE_METHOD_MATCH = YES;
				COPY_PHASE_STRIP = NO;
				DEBUG_INFORMATION_FORMAT = "dwarf-with-dsym";
				ENABLE_NS_ASSERTIONS = NO;
				ENABLE_STRICT_OBJC_MSGSEND = YES;
				GCC_C_LANGUAGE_STANDARD = gnu11;
				GCC_NO_COMMON_BLOCKS = YES;
				GCC_WARN_64_TO_32_BIT_CONVERSION = YES;
				GCC_WARN_ABOUT_RETURN_TYPE = YES_ERROR;
				GCC_WARN_UNDECLARED_SELECTOR = YES;
				GCC_WARN_UNINITIALIZED_AUTOS = YES_AGGRESSIVE;
				GCC_WARN_UNUSED_FUNCTION = YES;
				GCC_WARN_UNUSED_VARIABLE = YES;
				IPHONEOS_DEPLOYMENT_TARGET = 16.0;
				MTL_ENABLE_DEBUG_INFO = NO;
				MTL_FAST_MATH = YES;
				SDKROOT = iphoneos;
				SWIFT_COMPILATION_MODE = wholemodule;
				SWIFT_OPTIMIZATION_LEVEL = "-O";
				VALIDATE_PRODUCT = YES;
			};
			name = Release;
		};
		3C8BA6FF28D6678500ADE7DB /* Debug */ = {
			isa = XCBuildConfiguration;
			buildSettings = {
				ASSETCATALOG_COMPILER_APPICON_NAME = AppIcon;
				ASSETCATALOG_COMPILER_GLOBAL_ACCENT_COLOR_NAME = AccentColor;
				CODE_SIGN_STYLE = Automatic;
				CURRENT_PROJECT_VERSION = 1;
				DEVELOPMENT_ASSET_PATHS = "\"ios-logger/Preview Content\"";
				DEVELOPMENT_TEAM = J39U7B46S4;
				ENABLE_PREVIEWS = YES;
				GENERATE_INFOPLIST_FILE = YES;
				INFOPLIST_KEY_UIApplicationSceneManifest_Generation = YES;
				INFOPLIST_KEY_UIApplicationSupportsIndirectInputEvents = YES;
				INFOPLIST_KEY_UILaunchScreen_Generation = YES;
				INFOPLIST_KEY_UISupportedInterfaceOrientations_iPad = "UIInterfaceOrientationPortrait UIInterfaceOrientationPortraitUpsideDown UIInterfaceOrientationLandscapeLeft UIInterfaceOrientationLandscapeRight";
				INFOPLIST_KEY_UISupportedInterfaceOrientations_iPhone = "UIInterfaceOrientationPortrait UIInterfaceOrientationLandscapeLeft UIInterfaceOrientationLandscapeRight";
				LD_RUNPATH_SEARCH_PATHS = (
					"$(inherited)",
					"@executable_path/Frameworks",
				);
				MARKETING_VERSION = 1.0;
				PRODUCT_BUNDLE_IDENTIFIER = "tyler.ios-logger";
				PRODUCT_NAME = "$(TARGET_NAME)";
				SWIFT_EMIT_LOC_STRINGS = YES;
				SWIFT_VERSION = 5.0;
				TARGETED_DEVICE_FAMILY = "1,2";
			};
			name = Debug;
		};
		3C8BA70028D6678500ADE7DB /* Release */ = {
			isa = XCBuildConfiguration;
			buildSettings = {
				ASSETCATALOG_COMPILER_APPICON_NAME = AppIcon;
				ASSETCATALOG_COMPILER_GLOBAL_ACCENT_COLOR_NAME = AccentColor;
				CODE_SIGN_STYLE = Automatic;
				CURRENT_PROJECT_VERSION = 1;
				DEVELOPMENT_ASSET_PATHS = "\"ios-logger/Preview Content\"";
				DEVELOPMENT_TEAM = J39U7B46S4;
				ENABLE_PREVIEWS = YES;
				GENERATE_INFOPLIST_FILE = YES;
				INFOPLIST_KEY_UIApplicationSceneManifest_Generation = YES;
				INFOPLIST_KEY_UIApplicationSupportsIndirectInputEvents = YES;
				INFOPLIST_KEY_UILaunchScreen_Generation = YES;
				INFOPLIST_KEY_UISupportedInterfaceOrientations_iPad = "UIInterfaceOrientationPortrait UIInterfaceOrientationPortraitUpsideDown UIInterfaceOrientationLandscapeLeft UIInterfaceOrientationLandscapeRight";
				INFOPLIST_KEY_UISupportedInterfaceOrientations_iPhone = "UIInterfaceOrientationPortrait UIInterfaceOrientationLandscapeLeft UIInterfaceOrientationLandscapeRight";
				LD_RUNPATH_SEARCH_PATHS = (
					"$(inherited)",
					"@executable_path/Frameworks",
				);
				MARKETING_VERSION = 1.0;
				PRODUCT_BUNDLE_IDENTIFIER = "tyler.ios-logger";
				PRODUCT_NAME = "$(TARGET_NAME)";
				SWIFT_EMIT_LOC_STRINGS = YES;
				SWIFT_VERSION = 5.0;
				TARGETED_DEVICE_FAMILY = "1,2";
			};
			name = Release;
		};
		3C8BA70228D6678500ADE7DB /* Debug */ = {
			isa = XCBuildConfiguration;
			buildSettings = {
				ALWAYS_EMBED_SWIFT_STANDARD_LIBRARIES = YES;
				BUNDLE_LOADER = "$(TEST_HOST)";
				CODE_SIGN_STYLE = Automatic;
				CURRENT_PROJECT_VERSION = 1;
				GENERATE_INFOPLIST_FILE = YES;
				IPHONEOS_DEPLOYMENT_TARGET = 16.0;
				MARKETING_VERSION = 1.0;
				PRODUCT_BUNDLE_IDENTIFIER = "tyler.ios-loggerTests";
				PRODUCT_NAME = "$(TARGET_NAME)";
				SWIFT_EMIT_LOC_STRINGS = NO;
				SWIFT_VERSION = 5.0;
				TARGETED_DEVICE_FAMILY = "1,2";
				TEST_HOST = "$(BUILT_PRODUCTS_DIR)/ios-logger.app/$(BUNDLE_EXECUTABLE_FOLDER_PATH)/ios-logger";
			};
			name = Debug;
		};
		3C8BA70328D6678500ADE7DB /* Release */ = {
			isa = XCBuildConfiguration;
			buildSettings = {
				ALWAYS_EMBED_SWIFT_STANDARD_LIBRARIES = YES;
				BUNDLE_LOADER = "$(TEST_HOST)";
				CODE_SIGN_STYLE = Automatic;
				CURRENT_PROJECT_VERSION = 1;
				GENERATE_INFOPLIST_FILE = YES;
				IPHONEOS_DEPLOYMENT_TARGET = 16.0;
				MARKETING_VERSION = 1.0;
				PRODUCT_BUNDLE_IDENTIFIER = "tyler.ios-loggerTests";
				PRODUCT_NAME = "$(TARGET_NAME)";
				SWIFT_EMIT_LOC_STRINGS = NO;
				SWIFT_VERSION = 5.0;
				TARGETED_DEVICE_FAMILY = "1,2";
				TEST_HOST = "$(BUILT_PRODUCTS_DIR)/ios-logger.app/$(BUNDLE_EXECUTABLE_FOLDER_PATH)/ios-logger";
			};
			name = Release;
		};
		3C8BA70528D6678500ADE7DB /* Debug */ = {
			isa = XCBuildConfiguration;
			buildSettings = {
				ALWAYS_EMBED_SWIFT_STANDARD_LIBRARIES = YES;
				CODE_SIGN_STYLE = Automatic;
				CURRENT_PROJECT_VERSION = 1;
				GENERATE_INFOPLIST_FILE = YES;
				MARKETING_VERSION = 1.0;
				PRODUCT_BUNDLE_IDENTIFIER = "tyler.ios-loggerUITests";
				PRODUCT_NAME = "$(TARGET_NAME)";
				SWIFT_EMIT_LOC_STRINGS = NO;
				SWIFT_VERSION = 5.0;
				TARGETED_DEVICE_FAMILY = "1,2";
				TEST_TARGET_NAME = "ios-logger";
			};
			name = Debug;
		};
		3C8BA70628D6678500ADE7DB /* Release */ = {
			isa = XCBuildConfiguration;
			buildSettings = {
				ALWAYS_EMBED_SWIFT_STANDARD_LIBRARIES = YES;
				CODE_SIGN_STYLE = Automatic;
				CURRENT_PROJECT_VERSION = 1;
				GENERATE_INFOPLIST_FILE = YES;
				MARKETING_VERSION = 1.0;
				PRODUCT_BUNDLE_IDENTIFIER = "tyler.ios-loggerUITests";
				PRODUCT_NAME = "$(TARGET_NAME)";
				SWIFT_EMIT_LOC_STRINGS = NO;
				SWIFT_VERSION = 5.0;
				TARGETED_DEVICE_FAMILY = "1,2";
				TEST_TARGET_NAME = "ios-logger";
			};
			name = Release;
		};
/* End XCBuildConfiguration section */

/* Begin XCConfigurationList section */
		3C8BA6D028D6678400ADE7DB /* Build configuration list for PBXProject "ios-logger" */ = {
			isa = XCConfigurationList;
			buildConfigurations = (
				3C8BA6FC28D6678500ADE7DB /* Debug */,
				3C8BA6FD28D6678500ADE7DB /* Release */,
			);
			defaultConfigurationIsVisible = 0;
			defaultConfigurationName = Release;
		};
		3C8BA6FE28D6678500ADE7DB /* Build configuration list for PBXNativeTarget "ios-logger" */ = {
			isa = XCConfigurationList;
			buildConfigurations = (
				3C8BA6FF28D6678500ADE7DB /* Debug */,
				3C8BA70028D6678500ADE7DB /* Release */,
			);
			defaultConfigurationIsVisible = 0;
			defaultConfigurationName = Release;
		};
		3C8BA70128D6678500ADE7DB /* Build configuration list for PBXNativeTarget "ios-loggerTests" */ = {
			isa = XCConfigurationList;
			buildConfigurations = (
				3C8BA70228D6678500ADE7DB /* Debug */,
				3C8BA70328D6678500ADE7DB /* Release */,
			);
			defaultConfigurationIsVisible = 0;
			defaultConfigurationName = Release;
		};
		3C8BA70428D6678500ADE7DB /* Build configuration list for PBXNativeTarget "ios-loggerUITests" */ = {
			isa = XCConfigurationList;
			buildConfigurations = (
				3C8BA70528D6678500ADE7DB /* Debug */,
				3C8BA70628D6678500ADE7DB /* Release */,
			);
			defaultConfigurationIsVisible = 0;
			defaultConfigurationName = Release;
		};
/* End XCConfigurationList section */

/* Begin XCVersionGroup section */
		3C8BA6E328D6678500ADE7DB /* ios_logger.xcdatamodeld */ = {
			isa = XCVersionGroup;
			children = (
				3C8BA6E428D6678500ADE7DB /* ios_logger.xcdatamodel */,
			);
			currentVersion = 3C8BA6E428D6678500ADE7DB /* ios_logger.xcdatamodel */;
			path = ios_logger.xcdatamodeld;
			sourceTree = "<group>";
			versionGroupType = wrapper.xcdatamodel;
		};
/* End XCVersionGroup section */
	};
	rootObject = 3C8BA6CD28D6678400ADE7DB /* Project object */;
}
